// !$*UTF8*$!
{
	archiveVersion = 1;
	classes = {
	};
	objectVersion = 46;
	objects = {

/* Begin PBXBuildFile section */
		9034A1169F3D004D73422530 /* libPods-workerUITests.a in Frameworks */ = {isa = PBXBuildFile; fileRef = 5C1F10145795CF94D2603748 /* libPods-workerUITests.a */; };
		9A4E47774D86A37BFCDC317C /* libPods-workerTests.a in Frameworks */ = {isa = PBXBuildFile; fileRef = 8D47CF5FEACEC1393A60B87D /* libPods-workerTests.a */; };
		AD02FD82877B50F9BA7F2EE9 /* libPods-worker.a in Frameworks */ = {isa = PBXBuildFile; fileRef = D7643CA759AC79643AC0EEDC /* libPods-worker.a */; };
		FB0C138E1F3AA5E300A1C463 /* LoginTableViewCell.m in Sources */ = {isa = PBXBuildFile; fileRef = FB0C138D1F3AA5E300A1C463 /* LoginTableViewCell.m */; };
		FB0C13911F3AB96900A1C463 /* IssueViewController.m in Sources */ = {isa = PBXBuildFile; fileRef = FB0C13901F3AB96900A1C463 /* IssueViewController.m */; };
		FB0C13941F3B061100A1C463 /* Headview.m in Sources */ = {isa = PBXBuildFile; fileRef = FB0C13931F3B061100A1C463 /* Headview.m */; };
		FB2581D21F39590200BE510F /* WorkerManagementViewController.m in Sources */ = {isa = PBXBuildFile; fileRef = FB2581D11F39590200BE510F /* WorkerManagementViewController.m */; };
		FB2581D51F39592400BE510F /* EmployerManagementViewController.m in Sources */ = {isa = PBXBuildFile; fileRef = FB2581D41F39592400BE510F /* EmployerManagementViewController.m */; };
		FB2581D81F39594900BE510F /* PersonageManagementViewController.m in Sources */ = {isa = PBXBuildFile; fileRef = FB2581D71F39594900BE510F /* PersonageManagementViewController.m */; };
		FB2581DB1F395BA100BE510F /* TypeView.m in Sources */ = {isa = PBXBuildFile; fileRef = FB2581DA1F395BA100BE510F /* TypeView.m */; };
		FB2581E41F39918200BE510F /* OneTableViewCell.m in Sources */ = {isa = PBXBuildFile; fileRef = FB2581E31F39918200BE510F /* OneTableViewCell.m */; };
		FB339D471F3C3A550086CF2D /* BriefTableViewCell.m in Sources */ = {isa = PBXBuildFile; fileRef = FB339D461F3C3A550086CF2D /* BriefTableViewCell.m */; };
		FB339D4A1F3C49E80086CF2D /* CraftTableViewCell.m in Sources */ = {isa = PBXBuildFile; fileRef = FB339D491F3C49E80086CF2D /* CraftTableViewCell.m */; };
		FB3687811F2B2195008E8387 /* CoreLocation.framework in Frameworks */ = {isa = PBXBuildFile; fileRef = FB3687801F2B2195008E8387 /* CoreLocation.framework */; };
		FB3687831F2B21D7008E8387 /* QuartzCore.framework in Frameworks */ = {isa = PBXBuildFile; fileRef = FB3687821F2B21D7008E8387 /* QuartzCore.framework */; };
		FB3687851F2B21E1008E8387 /* OpenGLES.framework in Frameworks */ = {isa = PBXBuildFile; fileRef = FB3687841F2B21E1008E8387 /* OpenGLES.framework */; };
		FB3687871F2B21ED008E8387 /* SystemConfiguration.framework in Frameworks */ = {isa = PBXBuildFile; fileRef = FB3687861F2B21ED008E8387 /* SystemConfiguration.framework */; };
		FB3687891F2B21F9008E8387 /* CoreGraphics.framework in Frameworks */ = {isa = PBXBuildFile; fileRef = FB3687881F2B21F9008E8387 /* CoreGraphics.framework */; };
		FB36878B1F2B2202008E8387 /* Security.framework in Frameworks */ = {isa = PBXBuildFile; fileRef = FB36878A1F2B2202008E8387 /* Security.framework */; };
		FB36878D1F2B2213008E8387 /* libsqlite3.0.tbd in Frameworks */ = {isa = PBXBuildFile; fileRef = FB36878C1F2B2213008E8387 /* libsqlite3.0.tbd */; };
		FB36878F1F2B2236008E8387 /* CoreTelephony.framework in Frameworks */ = {isa = PBXBuildFile; fileRef = FB36878E1F2B2236008E8387 /* CoreTelephony.framework */; };
		FB3687911F2B226F008E8387 /* libstdc++.6.0.9.tbd in Frameworks */ = {isa = PBXBuildFile; fileRef = FB3687901F2B226F008E8387 /* libstdc++.6.0.9.tbd */; };
		FB3687931F2B22AD008E8387 /* mapapi.bundle in Resources */ = {isa = PBXBuildFile; fileRef = FB3687921F2B22AD008E8387 /* mapapi.bundle */; };
		FB5D87E91F30226600830F89 /* MessViewController.m in Sources */ = {isa = PBXBuildFile; fileRef = FB5D87E81F30226600830F89 /* MessViewController.m */; };
		FB5D87EC1F30227100830F89 /* JobViewController.m in Sources */ = {isa = PBXBuildFile; fileRef = FB5D87EB1F30227100830F89 /* JobViewController.m */; };
		FB5D87F51F3045D900830F89 /* FirstTableViewCell.m in Sources */ = {isa = PBXBuildFile; fileRef = FB5D87F41F3045D900830F89 /* FirstTableViewCell.m */; };
		FB5D87F81F3045E800830F89 /* ElseTableViewCell.m in Sources */ = {isa = PBXBuildFile; fileRef = FB5D87F71F3045E800830F89 /* ElseTableViewCell.m */; };
		FB6F86541F3416C800806108 /* workerModel.m in Sources */ = {isa = PBXBuildFile; fileRef = FB6F86531F3416C800806108 /* workerModel.m */; };
		FB6F86981F346BA900806108 /* CFNetwork.framework in Frameworks */ = {isa = PBXBuildFile; fileRef = FB6F86971F346BA900806108 /* CFNetwork.framework */; };
		FB6F869A1F346BB300806108 /* CoreFoundation.framework in Frameworks */ = {isa = PBXBuildFile; fileRef = FB6F86991F346BB300806108 /* CoreFoundation.framework */; };
		FB6F869C1F346BD500806108 /* Foundation.framework in Frameworks */ = {isa = PBXBuildFile; fileRef = FB6F869B1F346BD500806108 /* Foundation.framework */; };
		FB6F869E1F346BDC00806108 /* UIKit.framework in Frameworks */ = {isa = PBXBuildFile; fileRef = FB6F869D1F346BDC00806108 /* UIKit.framework */; };
		FB6F86A01F346BF000806108 /* libz.tbd in Frameworks */ = {isa = PBXBuildFile; fileRef = FB6F869F1F346BF000806108 /* libz.tbd */; };
		FB6F86A21F346BF900806108 /* AdSupport.framework in Frameworks */ = {isa = PBXBuildFile; fileRef = FB6F86A11F346BF900806108 /* AdSupport.framework */; };
		FB6F86A41F346C0500806108 /* UserNotifications.framework in Frameworks */ = {isa = PBXBuildFile; fileRef = FB6F86A31F346C0500806108 /* UserNotifications.framework */; };
		FB6F86A61F346C1000806108 /* libresolv.tbd in Frameworks */ = {isa = PBXBuildFile; fileRef = FB6F86A51F346C1000806108 /* libresolv.tbd */; };
		FB7703321F413DF50028EB84 /* EditCraftTableViewCell.m in Sources */ = {isa = PBXBuildFile; fileRef = FB7703311F413DF50028EB84 /* EditCraftTableViewCell.m */; };
		FB7703351F413E430028EB84 /* EditworkerCollectionViewCell.m in Sources */ = {isa = PBXBuildFile; fileRef = FB7703341F413E430028EB84 /* EditworkerCollectionViewCell.m */; };
		FB7703381F4148F20028EB84 /* EdirAddTableViewCell.m in Sources */ = {isa = PBXBuildFile; fileRef = FB7703371F4148F20028EB84 /* EdirAddTableViewCell.m */; };
		FB77033B1F416C1B0028EB84 /* MineFavoriteViewController.m in Sources */ = {isa = PBXBuildFile; fileRef = FB77033A1F416C1B0028EB84 /* MineFavoriteViewController.m */; };
		FB77033E1F4182000028EB84 /* SetViewController.m in Sources */ = {isa = PBXBuildFile; fileRef = FB77033D1F4182000028EB84 /* SetViewController.m */; };
		FB7703411F4182B50028EB84 /* SetTableViewCell.m in Sources */ = {isa = PBXBuildFile; fileRef = FB7703401F4182B50028EB84 /* SetTableViewCell.m */; };
		FB7F384A1F37FB130082A8FA /* LoginViewController.m in Sources */ = {isa = PBXBuildFile; fileRef = FB7F38491F37FB130082A8FA /* LoginViewController.m */; };
		FB7F384D1F384A950082A8FA /* RechargeViewController.m in Sources */ = {isa = PBXBuildFile; fileRef = FB7F384C1F384A950082A8FA /* RechargeViewController.m */; };
		FB7F38501F384B6A0082A8FA /* RechargeTableViewCell.m in Sources */ = {isa = PBXBuildFile; fileRef = FB7F384F1F384B6A0082A8FA /* RechargeTableViewCell.m */; };
		FB7F38531F3857E50082A8FA /* PayTableViewCell.m in Sources */ = {isa = PBXBuildFile; fileRef = FB7F38521F3857E50082A8FA /* PayTableViewCell.m */; };
		FB7FA5981F32F75F0096F6F2 /* MainViewController.m in Sources */ = {isa = PBXBuildFile; fileRef = FB7FA5831F32F75F0096F6F2 /* MainViewController.m */; };
		FB7FA5991F32F75F0096F6F2 /* SelecdCityViewController.m in Sources */ = {isa = PBXBuildFile; fileRef = FB7FA5851F32F75F0096F6F2 /* SelecdCityViewController.m */; };
		FB7FA59A1F32F75F0096F6F2 /* ProfessionViewController.m in Sources */ = {isa = PBXBuildFile; fileRef = FB7FA5891F32F75F0096F6F2 /* ProfessionViewController.m */; };
		FB7FA59B1F32F75F0096F6F2 /* WorkerMessViewController.m in Sources */ = {isa = PBXBuildFile; fileRef = FB7FA58B1F32F75F0096F6F2 /* WorkerMessViewController.m */; };
		FB7FA59C1F32F75F0096F6F2 /* MainTableViewCell.m in Sources */ = {isa = PBXBuildFile; fileRef = FB7FA5901F32F75F0096F6F2 /* MainTableViewCell.m */; };
		FB7FA59D1F32F75F0096F6F2 /* ProfessionTableViewCell.m in Sources */ = {isa = PBXBuildFile; fileRef = FB7FA5941F32F75F0096F6F2 /* ProfessionTableViewCell.m */; };
		FB7FA59E1F32F75F0096F6F2 /* WorkerMessTableViewCell.m in Sources */ = {isa = PBXBuildFile; fileRef = FB7FA5961F32F75F0096F6F2 /* WorkerMessTableViewCell.m */; };
		FB7FA5AC1F32F7670096F6F2 /* MineViewController.m in Sources */ = {isa = PBXBuildFile; fileRef = FB7FA5A11F32F7670096F6F2 /* MineViewController.m */; };
		FB7FA5AD1F32F7670096F6F2 /* MineElesTableViewCell.m in Sources */ = {isa = PBXBuildFile; fileRef = FB7FA5A51F32F7670096F6F2 /* MineElesTableViewCell.m */; };
		FB7FA5AE1F32F7670096F6F2 /* MineLoginTableViewCell.m in Sources */ = {isa = PBXBuildFile; fileRef = FB7FA5A71F32F7670096F6F2 /* MineLoginTableViewCell.m */; };
		FB7FA5AF1F32F7670096F6F2 /* MineMoneyTableViewCell.m in Sources */ = {isa = PBXBuildFile; fileRef = FB7FA5A91F32F7670096F6F2 /* MineMoneyTableViewCell.m */; };
		FB7FA5B01F32F7670096F6F2 /* MineScrTableViewCell.m in Sources */ = {isa = PBXBuildFile; fileRef = FB7FA5AB1F32F7670096F6F2 /* MineScrTableViewCell.m */; };
		FB7FA5B41F32F81F0096F6F2 /* MineMessViewController.m in Sources */ = {isa = PBXBuildFile; fileRef = FB7FA5B31F32F81F0096F6F2 /* MineMessViewController.m */; };
		FB7FA5B71F32F83F0096F6F2 /* SeachJobViewController.m in Sources */ = {isa = PBXBuildFile; fileRef = FB7FA5B61F32F83F0096F6F2 /* SeachJobViewController.m */; };
		FB7FA5BA1F330EB60096F6F2 /* MessTableViewCell.m in Sources */ = {isa = PBXBuildFile; fileRef = FB7FA5B91F330EB60096F6F2 /* MessTableViewCell.m */; };
		FB9911391F29757F0017A32B /* TabbarView.m in Sources */ = {isa = PBXBuildFile; fileRef = FB9911381F29757F0017A32B /* TabbarView.m */; };
		FBAB094E1F3D4BFE004CB16D /* workerCollectionViewCell.m in Sources */ = {isa = PBXBuildFile; fileRef = FBAB094D1F3D4BFE004CB16D /* workerCollectionViewCell.m */; };
		FBD796651F286B3700FA50BE /* main.m in Sources */ = {isa = PBXBuildFile; fileRef = FBD796641F286B3700FA50BE /* main.m */; };
		FBD796681F286B3700FA50BE /* AppDelegate.m in Sources */ = {isa = PBXBuildFile; fileRef = FBD796671F286B3700FA50BE /* AppDelegate.m */; };
		FBD796731F286B3700FA50BE /* Assets.xcassets in Resources */ = {isa = PBXBuildFile; fileRef = FBD796721F286B3700FA50BE /* Assets.xcassets */; };
		FBD796761F286B3700FA50BE /* LaunchScreen.storyboard in Resources */ = {isa = PBXBuildFile; fileRef = FBD796741F286B3700FA50BE /* LaunchScreen.storyboard */; };
		FBD796811F286B3700FA50BE /* workerTests.m in Sources */ = {isa = PBXBuildFile; fileRef = FBD796801F286B3700FA50BE /* workerTests.m */; };
		FBD7968C1F286B3700FA50BE /* workerUITests.m in Sources */ = {isa = PBXBuildFile; fileRef = FBD7968B1F286B3700FA50BE /* workerUITests.m */; };
		FBD7969E1F28874C00FA50BE /* BaseViewController.m in Sources */ = {isa = PBXBuildFile; fileRef = FBD7969D1F28874C00FA50BE /* BaseViewController.m */; };
		FBD796A11F28899700FA50BE /* myselfway.m in Sources */ = {isa = PBXBuildFile; fileRef = FBD796A01F28899700FA50BE /* myselfway.m */; };
		FBE4216D1F3D7A9100336990 /* EditTextTableViewCell.m in Sources */ = {isa = PBXBuildFile; fileRef = FBE4216C1F3D7A9100336990 /* EditTextTableViewCell.m */; };
		FBE421701F3D7CC300336990 /* EditSetTableViewCell.m in Sources */ = {isa = PBXBuildFile; fileRef = FBE4216F1F3D7CC300336990 /* EditSetTableViewCell.m */; };
		FBE421731F3D8B8800336990 /* EditSelecedTableViewCell.m in Sources */ = {isa = PBXBuildFile; fileRef = FBE421721F3D8B8800336990 /* EditSelecedTableViewCell.m */; };
		FBFD602F1F3BFF870061DB20 /* PreviewTableViewCell.m in Sources */ = {isa = PBXBuildFile; fileRef = FBFD602E1F3BFF870061DB20 /* PreviewTableViewCell.m */; };
/* End PBXBuildFile section */

/* Begin PBXContainerItemProxy section */
		FBD7967D1F286B3700FA50BE /* PBXContainerItemProxy */ = {
			isa = PBXContainerItemProxy;
			containerPortal = FBD796581F286B3700FA50BE /* Project object */;
			proxyType = 1;
			remoteGlobalIDString = FBD7965F1F286B3700FA50BE;
			remoteInfo = worker;
		};
		FBD796881F286B3700FA50BE /* PBXContainerItemProxy */ = {
			isa = PBXContainerItemProxy;
			containerPortal = FBD796581F286B3700FA50BE /* Project object */;
			proxyType = 1;
			remoteGlobalIDString = FBD7965F1F286B3700FA50BE;
			remoteInfo = worker;
		};
/* End PBXContainerItemProxy section */

/* Begin PBXFileReference section */
		5C1F10145795CF94D2603748 /* libPods-workerUITests.a */ = {isa = PBXFileReference; explicitFileType = archive.ar; includeInIndex = 0; path = "libPods-workerUITests.a"; sourceTree = BUILT_PRODUCTS_DIR; };
		75A1E32B57AD3D54EE9A9353 /* Pods-workerUITests.debug.xcconfig */ = {isa = PBXFileReference; includeInIndex = 1; lastKnownFileType = text.xcconfig; name = "Pods-workerUITests.debug.xcconfig"; path = "Pods/Target Support Files/Pods-workerUITests/Pods-workerUITests.debug.xcconfig"; sourceTree = "<group>"; };
		8B01216A04274A3E9541D2C5 /* Pods-workerUITests.release.xcconfig */ = {isa = PBXFileReference; includeInIndex = 1; lastKnownFileType = text.xcconfig; name = "Pods-workerUITests.release.xcconfig"; path = "Pods/Target Support Files/Pods-workerUITests/Pods-workerUITests.release.xcconfig"; sourceTree = "<group>"; };
		8BE55178E65C1E141E4DE270 /* Pods-workerTests.release.xcconfig */ = {isa = PBXFileReference; includeInIndex = 1; lastKnownFileType = text.xcconfig; name = "Pods-workerTests.release.xcconfig"; path = "Pods/Target Support Files/Pods-workerTests/Pods-workerTests.release.xcconfig"; sourceTree = "<group>"; };
		8D47CF5FEACEC1393A60B87D /* libPods-workerTests.a */ = {isa = PBXFileReference; explicitFileType = archive.ar; includeInIndex = 0; path = "libPods-workerTests.a"; sourceTree = BUILT_PRODUCTS_DIR; };
		D3489397782362719B10AEC1 /* Pods-workerTests.debug.xcconfig */ = {isa = PBXFileReference; includeInIndex = 1; lastKnownFileType = text.xcconfig; name = "Pods-workerTests.debug.xcconfig"; path = "Pods/Target Support Files/Pods-workerTests/Pods-workerTests.debug.xcconfig"; sourceTree = "<group>"; };
		D6F71C262734D4AA28314D81 /* Pods-worker.release.xcconfig */ = {isa = PBXFileReference; includeInIndex = 1; lastKnownFileType = text.xcconfig; name = "Pods-worker.release.xcconfig"; path = "Pods/Target Support Files/Pods-worker/Pods-worker.release.xcconfig"; sourceTree = "<group>"; };
		D7643CA759AC79643AC0EEDC /* libPods-worker.a */ = {isa = PBXFileReference; explicitFileType = archive.ar; includeInIndex = 0; path = "libPods-worker.a"; sourceTree = BUILT_PRODUCTS_DIR; };
		E16E4F74CA02791E4BFA0747 /* Pods-worker.debug.xcconfig */ = {isa = PBXFileReference; includeInIndex = 1; lastKnownFileType = text.xcconfig; name = "Pods-worker.debug.xcconfig"; path = "Pods/Target Support Files/Pods-worker/Pods-worker.debug.xcconfig"; sourceTree = "<group>"; };
		FB0C138C1F3AA5E300A1C463 /* LoginTableViewCell.h */ = {isa = PBXFileReference; fileEncoding = 4; lastKnownFileType = sourcecode.c.h; path = LoginTableViewCell.h; sourceTree = "<group>"; };
		FB0C138D1F3AA5E300A1C463 /* LoginTableViewCell.m */ = {isa = PBXFileReference; fileEncoding = 4; lastKnownFileType = sourcecode.c.objc; path = LoginTableViewCell.m; sourceTree = "<group>"; };
		FB0C138F1F3AB96900A1C463 /* IssueViewController.h */ = {isa = PBXFileReference; fileEncoding = 4; lastKnownFileType = sourcecode.c.h; path = IssueViewController.h; sourceTree = "<group>"; };
		FB0C13901F3AB96900A1C463 /* IssueViewController.m */ = {isa = PBXFileReference; fileEncoding = 4; lastKnownFileType = sourcecode.c.objc; path = IssueViewController.m; sourceTree = "<group>"; };
		FB0C13921F3B061100A1C463 /* Headview.h */ = {isa = PBXFileReference; fileEncoding = 4; lastKnownFileType = sourcecode.c.h; path = Headview.h; sourceTree = "<group>"; };
		FB0C13931F3B061100A1C463 /* Headview.m */ = {isa = PBXFileReference; fileEncoding = 4; lastKnownFileType = sourcecode.c.objc; path = Headview.m; sourceTree = "<group>"; };
		FB2581D01F39590200BE510F /* WorkerManagementViewController.h */ = {isa = PBXFileReference; fileEncoding = 4; lastKnownFileType = sourcecode.c.h; path = WorkerManagementViewController.h; sourceTree = "<group>"; };
		FB2581D11F39590200BE510F /* WorkerManagementViewController.m */ = {isa = PBXFileReference; fileEncoding = 4; lastKnownFileType = sourcecode.c.objc; path = WorkerManagementViewController.m; sourceTree = "<group>"; };
		FB2581D31F39592400BE510F /* EmployerManagementViewController.h */ = {isa = PBXFileReference; fileEncoding = 4; lastKnownFileType = sourcecode.c.h; path = EmployerManagementViewController.h; sourceTree = "<group>"; };
		FB2581D41F39592400BE510F /* EmployerManagementViewController.m */ = {isa = PBXFileReference; fileEncoding = 4; lastKnownFileType = sourcecode.c.objc; path = EmployerManagementViewController.m; sourceTree = "<group>"; };
		FB2581D61F39594900BE510F /* PersonageManagementViewController.h */ = {isa = PBXFileReference; fileEncoding = 4; lastKnownFileType = sourcecode.c.h; path = PersonageManagementViewController.h; sourceTree = "<group>"; };
		FB2581D71F39594900BE510F /* PersonageManagementViewController.m */ = {isa = PBXFileReference; fileEncoding = 4; lastKnownFileType = sourcecode.c.objc; path = PersonageManagementViewController.m; sourceTree = "<group>"; };
		FB2581D91F395BA100BE510F /* TypeView.h */ = {isa = PBXFileReference; fileEncoding = 4; lastKnownFileType = sourcecode.c.h; path = TypeView.h; sourceTree = "<group>"; };
		FB2581DA1F395BA100BE510F /* TypeView.m */ = {isa = PBXFileReference; fileEncoding = 4; lastKnownFileType = sourcecode.c.objc; path = TypeView.m; sourceTree = "<group>"; };
		FB2581E21F39918200BE510F /* OneTableViewCell.h */ = {isa = PBXFileReference; fileEncoding = 4; lastKnownFileType = sourcecode.c.h; path = OneTableViewCell.h; sourceTree = "<group>"; };
		FB2581E31F39918200BE510F /* OneTableViewCell.m */ = {isa = PBXFileReference; fileEncoding = 4; lastKnownFileType = sourcecode.c.objc; path = OneTableViewCell.m; sourceTree = "<group>"; };
		FB339D451F3C3A550086CF2D /* BriefTableViewCell.h */ = {isa = PBXFileReference; fileEncoding = 4; lastKnownFileType = sourcecode.c.h; path = BriefTableViewCell.h; sourceTree = "<group>"; };
		FB339D461F3C3A550086CF2D /* BriefTableViewCell.m */ = {isa = PBXFileReference; fileEncoding = 4; lastKnownFileType = sourcecode.c.objc; lineEnding = 0; path = BriefTableViewCell.m; sourceTree = "<group>"; };
		FB339D481F3C49E80086CF2D /* CraftTableViewCell.h */ = {isa = PBXFileReference; fileEncoding = 4; lastKnownFileType = sourcecode.c.h; path = CraftTableViewCell.h; sourceTree = "<group>"; };
		FB339D491F3C49E80086CF2D /* CraftTableViewCell.m */ = {isa = PBXFileReference; fileEncoding = 4; lastKnownFileType = sourcecode.c.objc; path = CraftTableViewCell.m; sourceTree = "<group>"; };
		FB3687801F2B2195008E8387 /* CoreLocation.framework */ = {isa = PBXFileReference; lastKnownFileType = wrapper.framework; name = CoreLocation.framework; path = System/Library/Frameworks/CoreLocation.framework; sourceTree = SDKROOT; };
		FB3687821F2B21D7008E8387 /* QuartzCore.framework */ = {isa = PBXFileReference; lastKnownFileType = wrapper.framework; name = QuartzCore.framework; path = System/Library/Frameworks/QuartzCore.framework; sourceTree = SDKROOT; };
		FB3687841F2B21E1008E8387 /* OpenGLES.framework */ = {isa = PBXFileReference; lastKnownFileType = wrapper.framework; name = OpenGLES.framework; path = System/Library/Frameworks/OpenGLES.framework; sourceTree = SDKROOT; };
		FB3687861F2B21ED008E8387 /* SystemConfiguration.framework */ = {isa = PBXFileReference; lastKnownFileType = wrapper.framework; name = SystemConfiguration.framework; path = System/Library/Frameworks/SystemConfiguration.framework; sourceTree = SDKROOT; };
		FB3687881F2B21F9008E8387 /* CoreGraphics.framework */ = {isa = PBXFileReference; lastKnownFileType = wrapper.framework; name = CoreGraphics.framework; path = System/Library/Frameworks/CoreGraphics.framework; sourceTree = SDKROOT; };
		FB36878A1F2B2202008E8387 /* Security.framework */ = {isa = PBXFileReference; lastKnownFileType = wrapper.framework; name = Security.framework; path = System/Library/Frameworks/Security.framework; sourceTree = SDKROOT; };
		FB36878C1F2B2213008E8387 /* libsqlite3.0.tbd */ = {isa = PBXFileReference; lastKnownFileType = "sourcecode.text-based-dylib-definition"; name = libsqlite3.0.tbd; path = usr/lib/libsqlite3.0.tbd; sourceTree = SDKROOT; };
		FB36878E1F2B2236008E8387 /* CoreTelephony.framework */ = {isa = PBXFileReference; lastKnownFileType = wrapper.framework; name = CoreTelephony.framework; path = System/Library/Frameworks/CoreTelephony.framework; sourceTree = SDKROOT; };
		FB3687901F2B226F008E8387 /* libstdc++.6.0.9.tbd */ = {isa = PBXFileReference; lastKnownFileType = "sourcecode.text-based-dylib-definition"; name = "libstdc++.6.0.9.tbd"; path = "usr/lib/libstdc++.6.0.9.tbd"; sourceTree = SDKROOT; };
		FB3687921F2B22AD008E8387 /* mapapi.bundle */ = {isa = PBXFileReference; lastKnownFileType = "wrapper.plug-in"; name = mapapi.bundle; path = Pods/BaiduMapKit/BaiduMapKit/BaiduMapAPI_Map.framework/Resources/mapapi.bundle; sourceTree = "<group>"; };
		FB5D87E71F30226600830F89 /* MessViewController.h */ = {isa = PBXFileReference; fileEncoding = 4; lastKnownFileType = sourcecode.c.h; path = MessViewController.h; sourceTree = "<group>"; };
		FB5D87E81F30226600830F89 /* MessViewController.m */ = {isa = PBXFileReference; fileEncoding = 4; lastKnownFileType = sourcecode.c.objc; path = MessViewController.m; sourceTree = "<group>"; };
		FB5D87EA1F30227100830F89 /* JobViewController.h */ = {isa = PBXFileReference; fileEncoding = 4; lastKnownFileType = sourcecode.c.h; path = JobViewController.h; sourceTree = "<group>"; };
		FB5D87EB1F30227100830F89 /* JobViewController.m */ = {isa = PBXFileReference; fileEncoding = 4; lastKnownFileType = sourcecode.c.objc; path = JobViewController.m; sourceTree = "<group>"; };
		FB5D87F31F3045D900830F89 /* FirstTableViewCell.h */ = {isa = PBXFileReference; fileEncoding = 4; lastKnownFileType = sourcecode.c.h; path = FirstTableViewCell.h; sourceTree = "<group>"; };
		FB5D87F41F3045D900830F89 /* FirstTableViewCell.m */ = {isa = PBXFileReference; fileEncoding = 4; lastKnownFileType = sourcecode.c.objc; path = FirstTableViewCell.m; sourceTree = "<group>"; };
		FB5D87F61F3045E800830F89 /* ElseTableViewCell.h */ = {isa = PBXFileReference; fileEncoding = 4; lastKnownFileType = sourcecode.c.h; path = ElseTableViewCell.h; sourceTree = "<group>"; };
		FB5D87F71F3045E800830F89 /* ElseTableViewCell.m */ = {isa = PBXFileReference; fileEncoding = 4; lastKnownFileType = sourcecode.c.objc; path = ElseTableViewCell.m; sourceTree = "<group>"; };
		FB6F86521F3416C800806108 /* workerModel.h */ = {isa = PBXFileReference; fileEncoding = 4; lastKnownFileType = sourcecode.c.h; path = workerModel.h; sourceTree = "<group>"; };
		FB6F86531F3416C800806108 /* workerModel.m */ = {isa = PBXFileReference; fileEncoding = 4; lastKnownFileType = sourcecode.c.objc; path = workerModel.m; sourceTree = "<group>"; };
		FB6F86971F346BA900806108 /* CFNetwork.framework */ = {isa = PBXFileReference; lastKnownFileType = wrapper.framework; name = CFNetwork.framework; path = System/Library/Frameworks/CFNetwork.framework; sourceTree = SDKROOT; };
		FB6F86991F346BB300806108 /* CoreFoundation.framework */ = {isa = PBXFileReference; lastKnownFileType = wrapper.framework; name = CoreFoundation.framework; path = System/Library/Frameworks/CoreFoundation.framework; sourceTree = SDKROOT; };
		FB6F869B1F346BD500806108 /* Foundation.framework */ = {isa = PBXFileReference; lastKnownFileType = wrapper.framework; name = Foundation.framework; path = System/Library/Frameworks/Foundation.framework; sourceTree = SDKROOT; };
		FB6F869D1F346BDC00806108 /* UIKit.framework */ = {isa = PBXFileReference; lastKnownFileType = wrapper.framework; name = UIKit.framework; path = System/Library/Frameworks/UIKit.framework; sourceTree = SDKROOT; };
		FB6F869F1F346BF000806108 /* libz.tbd */ = {isa = PBXFileReference; lastKnownFileType = "sourcecode.text-based-dylib-definition"; name = libz.tbd; path = usr/lib/libz.tbd; sourceTree = SDKROOT; };
		FB6F86A11F346BF900806108 /* AdSupport.framework */ = {isa = PBXFileReference; lastKnownFileType = wrapper.framework; name = AdSupport.framework; path = System/Library/Frameworks/AdSupport.framework; sourceTree = SDKROOT; };
		FB6F86A31F346C0500806108 /* UserNotifications.framework */ = {isa = PBXFileReference; lastKnownFileType = wrapper.framework; name = UserNotifications.framework; path = System/Library/Frameworks/UserNotifications.framework; sourceTree = SDKROOT; };
		FB6F86A51F346C1000806108 /* libresolv.tbd */ = {isa = PBXFileReference; lastKnownFileType = "sourcecode.text-based-dylib-definition"; name = libresolv.tbd; path = usr/lib/libresolv.tbd; sourceTree = SDKROOT; };
		FB6F86A71F346CE100806108 /* worker.entitlements */ = {isa = PBXFileReference; lastKnownFileType = text.plist.entitlements; path = worker.entitlements; sourceTree = "<group>"; };
		FB7703301F413DF50028EB84 /* EditCraftTableViewCell.h */ = {isa = PBXFileReference; fileEncoding = 4; lastKnownFileType = sourcecode.c.h; path = EditCraftTableViewCell.h; sourceTree = "<group>"; };
		FB7703311F413DF50028EB84 /* EditCraftTableViewCell.m */ = {isa = PBXFileReference; fileEncoding = 4; lastKnownFileType = sourcecode.c.objc; path = EditCraftTableViewCell.m; sourceTree = "<group>"; };
		FB7703331F413E430028EB84 /* EditworkerCollectionViewCell.h */ = {isa = PBXFileReference; fileEncoding = 4; lastKnownFileType = sourcecode.c.h; path = EditworkerCollectionViewCell.h; sourceTree = "<group>"; };
		FB7703341F413E430028EB84 /* EditworkerCollectionViewCell.m */ = {isa = PBXFileReference; fileEncoding = 4; lastKnownFileType = sourcecode.c.objc; path = EditworkerCollectionViewCell.m; sourceTree = "<group>"; };
		FB7703361F4148F20028EB84 /* EdirAddTableViewCell.h */ = {isa = PBXFileReference; fileEncoding = 4; lastKnownFileType = sourcecode.c.h; path = EdirAddTableViewCell.h; sourceTree = "<group>"; };
		FB7703371F4148F20028EB84 /* EdirAddTableViewCell.m */ = {isa = PBXFileReference; fileEncoding = 4; lastKnownFileType = sourcecode.c.objc; path = EdirAddTableViewCell.m; sourceTree = "<group>"; };
		FB7703391F416C1B0028EB84 /* MineFavoriteViewController.h */ = {isa = PBXFileReference; fileEncoding = 4; lastKnownFileType = sourcecode.c.h; path = MineFavoriteViewController.h; sourceTree = "<group>"; };
		FB77033A1F416C1B0028EB84 /* MineFavoriteViewController.m */ = {isa = PBXFileReference; fileEncoding = 4; lastKnownFileType = sourcecode.c.objc; path = MineFavoriteViewController.m; sourceTree = "<group>"; };
		FB77033C1F4182000028EB84 /* SetViewController.h */ = {isa = PBXFileReference; fileEncoding = 4; lastKnownFileType = sourcecode.c.h; path = SetViewController.h; sourceTree = "<group>"; };
		FB77033D1F4182000028EB84 /* SetViewController.m */ = {isa = PBXFileReference; fileEncoding = 4; lastKnownFileType = sourcecode.c.objc; path = SetViewController.m; sourceTree = "<group>"; };
		FB77033F1F4182B50028EB84 /* SetTableViewCell.h */ = {isa = PBXFileReference; fileEncoding = 4; lastKnownFileType = sourcecode.c.h; path = SetTableViewCell.h; sourceTree = "<group>"; };
		FB7703401F4182B50028EB84 /* SetTableViewCell.m */ = {isa = PBXFileReference; fileEncoding = 4; lastKnownFileType = sourcecode.c.objc; path = SetTableViewCell.m; sourceTree = "<group>"; };
		FB7F38481F37FB130082A8FA /* LoginViewController.h */ = {isa = PBXFileReference; fileEncoding = 4; lastKnownFileType = sourcecode.c.h; path = LoginViewController.h; sourceTree = "<group>"; };
		FB7F38491F37FB130082A8FA /* LoginViewController.m */ = {isa = PBXFileReference; fileEncoding = 4; lastKnownFileType = sourcecode.c.objc; path = LoginViewController.m; sourceTree = "<group>"; };
		FB7F384B1F384A950082A8FA /* RechargeViewController.h */ = {isa = PBXFileReference; fileEncoding = 4; lastKnownFileType = sourcecode.c.h; path = RechargeViewController.h; sourceTree = "<group>"; };
		FB7F384C1F384A950082A8FA /* RechargeViewController.m */ = {isa = PBXFileReference; fileEncoding = 4; lastKnownFileType = sourcecode.c.objc; path = RechargeViewController.m; sourceTree = "<group>"; };
		FB7F384E1F384B6A0082A8FA /* RechargeTableViewCell.h */ = {isa = PBXFileReference; fileEncoding = 4; lastKnownFileType = sourcecode.c.h; path = RechargeTableViewCell.h; sourceTree = "<group>"; };
		FB7F384F1F384B6A0082A8FA /* RechargeTableViewCell.m */ = {isa = PBXFileReference; fileEncoding = 4; lastKnownFileType = sourcecode.c.objc; path = RechargeTableViewCell.m; sourceTree = "<group>"; };
		FB7F38511F3857E50082A8FA /* PayTableViewCell.h */ = {isa = PBXFileReference; fileEncoding = 4; lastKnownFileType = sourcecode.c.h; path = PayTableViewCell.h; sourceTree = "<group>"; };
		FB7F38521F3857E50082A8FA /* PayTableViewCell.m */ = {isa = PBXFileReference; fileEncoding = 4; lastKnownFileType = sourcecode.c.objc; path = PayTableViewCell.m; sourceTree = "<group>"; };
		FB7FA5821F32F75F0096F6F2 /* MainViewController.h */ = {isa = PBXFileReference; fileEncoding = 4; lastKnownFileType = sourcecode.c.h; path = MainViewController.h; sourceTree = "<group>"; };
		FB7FA5831F32F75F0096F6F2 /* MainViewController.m */ = {isa = PBXFileReference; fileEncoding = 4; lastKnownFileType = sourcecode.c.objc; path = MainViewController.m; sourceTree = "<group>"; };
		FB7FA5841F32F75F0096F6F2 /* SelecdCityViewController.h */ = {isa = PBXFileReference; fileEncoding = 4; lastKnownFileType = sourcecode.c.h; path = SelecdCityViewController.h; sourceTree = "<group>"; };
		FB7FA5851F32F75F0096F6F2 /* SelecdCityViewController.m */ = {isa = PBXFileReference; fileEncoding = 4; lastKnownFileType = sourcecode.c.objc; path = SelecdCityViewController.m; sourceTree = "<group>"; };
		FB7FA5881F32F75F0096F6F2 /* ProfessionViewController.h */ = {isa = PBXFileReference; fileEncoding = 4; lastKnownFileType = sourcecode.c.h; path = ProfessionViewController.h; sourceTree = "<group>"; };
		FB7FA5891F32F75F0096F6F2 /* ProfessionViewController.m */ = {isa = PBXFileReference; fileEncoding = 4; lastKnownFileType = sourcecode.c.objc; path = ProfessionViewController.m; sourceTree = "<group>"; };
		FB7FA58A1F32F75F0096F6F2 /* WorkerMessViewController.h */ = {isa = PBXFileReference; fileEncoding = 4; lastKnownFileType = sourcecode.c.h; path = WorkerMessViewController.h; sourceTree = "<group>"; };
		FB7FA58B1F32F75F0096F6F2 /* WorkerMessViewController.m */ = {isa = PBXFileReference; fileEncoding = 4; lastKnownFileType = sourcecode.c.objc; path = WorkerMessViewController.m; sourceTree = "<group>"; };
		FB7FA58F1F32F75F0096F6F2 /* MainTableViewCell.h */ = {isa = PBXFileReference; fileEncoding = 4; lastKnownFileType = sourcecode.c.h; path = MainTableViewCell.h; sourceTree = "<group>"; };
		FB7FA5901F32F75F0096F6F2 /* MainTableViewCell.m */ = {isa = PBXFileReference; fileEncoding = 4; lastKnownFileType = sourcecode.c.objc; path = MainTableViewCell.m; sourceTree = "<group>"; };
		FB7FA5931F32F75F0096F6F2 /* ProfessionTableViewCell.h */ = {isa = PBXFileReference; fileEncoding = 4; lastKnownFileType = sourcecode.c.h; path = ProfessionTableViewCell.h; sourceTree = "<group>"; };
		FB7FA5941F32F75F0096F6F2 /* ProfessionTableViewCell.m */ = {isa = PBXFileReference; fileEncoding = 4; lastKnownFileType = sourcecode.c.objc; path = ProfessionTableViewCell.m; sourceTree = "<group>"; };
		FB7FA5951F32F75F0096F6F2 /* WorkerMessTableViewCell.h */ = {isa = PBXFileReference; fileEncoding = 4; lastKnownFileType = sourcecode.c.h; path = WorkerMessTableViewCell.h; sourceTree = "<group>"; };
		FB7FA5961F32F75F0096F6F2 /* WorkerMessTableViewCell.m */ = {isa = PBXFileReference; fileEncoding = 4; lastKnownFileType = sourcecode.c.objc; path = WorkerMessTableViewCell.m; sourceTree = "<group>"; };
		FB7FA5A01F32F7670096F6F2 /* MineViewController.h */ = {isa = PBXFileReference; fileEncoding = 4; lastKnownFileType = sourcecode.c.h; path = MineViewController.h; sourceTree = "<group>"; };
		FB7FA5A11F32F7670096F6F2 /* MineViewController.m */ = {isa = PBXFileReference; fileEncoding = 4; lastKnownFileType = sourcecode.c.objc; path = MineViewController.m; sourceTree = "<group>"; };
		FB7FA5A41F32F7670096F6F2 /* MineElesTableViewCell.h */ = {isa = PBXFileReference; fileEncoding = 4; lastKnownFileType = sourcecode.c.h; path = MineElesTableViewCell.h; sourceTree = "<group>"; };
		FB7FA5A51F32F7670096F6F2 /* MineElesTableViewCell.m */ = {isa = PBXFileReference; fileEncoding = 4; lastKnownFileType = sourcecode.c.objc; path = MineElesTableViewCell.m; sourceTree = "<group>"; };
		FB7FA5A61F32F7670096F6F2 /* MineLoginTableViewCell.h */ = {isa = PBXFileReference; fileEncoding = 4; lastKnownFileType = sourcecode.c.h; path = MineLoginTableViewCell.h; sourceTree = "<group>"; };
		FB7FA5A71F32F7670096F6F2 /* MineLoginTableViewCell.m */ = {isa = PBXFileReference; fileEncoding = 4; lastKnownFileType = sourcecode.c.objc; path = MineLoginTableViewCell.m; sourceTree = "<group>"; };
		FB7FA5A81F32F7670096F6F2 /* MineMoneyTableViewCell.h */ = {isa = PBXFileReference; fileEncoding = 4; lastKnownFileType = sourcecode.c.h; path = MineMoneyTableViewCell.h; sourceTree = "<group>"; };
		FB7FA5A91F32F7670096F6F2 /* MineMoneyTableViewCell.m */ = {isa = PBXFileReference; fileEncoding = 4; lastKnownFileType = sourcecode.c.objc; path = MineMoneyTableViewCell.m; sourceTree = "<group>"; };
		FB7FA5AA1F32F7670096F6F2 /* MineScrTableViewCell.h */ = {isa = PBXFileReference; fileEncoding = 4; lastKnownFileType = sourcecode.c.h; path = MineScrTableViewCell.h; sourceTree = "<group>"; };
		FB7FA5AB1F32F7670096F6F2 /* MineScrTableViewCell.m */ = {isa = PBXFileReference; fileEncoding = 4; lastKnownFileType = sourcecode.c.objc; path = MineScrTableViewCell.m; sourceTree = "<group>"; };
		FB7FA5B21F32F81F0096F6F2 /* MineMessViewController.h */ = {isa = PBXFileReference; fileEncoding = 4; lastKnownFileType = sourcecode.c.h; path = MineMessViewController.h; sourceTree = "<group>"; };
		FB7FA5B31F32F81F0096F6F2 /* MineMessViewController.m */ = {isa = PBXFileReference; fileEncoding = 4; lastKnownFileType = sourcecode.c.objc; path = MineMessViewController.m; sourceTree = "<group>"; };
		FB7FA5B51F32F83F0096F6F2 /* SeachJobViewController.h */ = {isa = PBXFileReference; fileEncoding = 4; lastKnownFileType = sourcecode.c.h; path = SeachJobViewController.h; sourceTree = "<group>"; };
		FB7FA5B61F32F83F0096F6F2 /* SeachJobViewController.m */ = {isa = PBXFileReference; fileEncoding = 4; lastKnownFileType = sourcecode.c.objc; path = SeachJobViewController.m; sourceTree = "<group>"; };
		FB7FA5B81F330EB60096F6F2 /* MessTableViewCell.h */ = {isa = PBXFileReference; fileEncoding = 4; lastKnownFileType = sourcecode.c.h; path = MessTableViewCell.h; sourceTree = "<group>"; };
		FB7FA5B91F330EB60096F6F2 /* MessTableViewCell.m */ = {isa = PBXFileReference; fileEncoding = 4; lastKnownFileType = sourcecode.c.objc; path = MessTableViewCell.m; sourceTree = "<group>"; };
		FB9911371F29757F0017A32B /* TabbarView.h */ = {isa = PBXFileReference; fileEncoding = 4; lastKnownFileType = sourcecode.c.h; path = TabbarView.h; sourceTree = "<group>"; };
		FB9911381F29757F0017A32B /* TabbarView.m */ = {isa = PBXFileReference; fileEncoding = 4; lastKnownFileType = sourcecode.c.objc; path = TabbarView.m; sourceTree = "<group>"; };
		FBAB094C1F3D4BFE004CB16D /* workerCollectionViewCell.h */ = {isa = PBXFileReference; fileEncoding = 4; lastKnownFileType = sourcecode.c.h; path = workerCollectionViewCell.h; sourceTree = "<group>"; };
		FBAB094D1F3D4BFE004CB16D /* workerCollectionViewCell.m */ = {isa = PBXFileReference; fileEncoding = 4; lastKnownFileType = sourcecode.c.objc; path = workerCollectionViewCell.m; sourceTree = "<group>"; };
		FBD796601F286B3700FA50BE /* worker.app */ = {isa = PBXFileReference; explicitFileType = wrapper.application; includeInIndex = 0; path = worker.app; sourceTree = BUILT_PRODUCTS_DIR; };
		FBD796641F286B3700FA50BE /* main.m */ = {isa = PBXFileReference; lastKnownFileType = sourcecode.c.objc; path = main.m; sourceTree = "<group>"; };
		FBD796661F286B3700FA50BE /* AppDelegate.h */ = {isa = PBXFileReference; lastKnownFileType = sourcecode.c.h; path = AppDelegate.h; sourceTree = "<group>"; };
		FBD796671F286B3700FA50BE /* AppDelegate.m */ = {isa = PBXFileReference; lastKnownFileType = sourcecode.c.objc; path = AppDelegate.m; sourceTree = "<group>"; };
		FBD796721F286B3700FA50BE /* Assets.xcassets */ = {isa = PBXFileReference; lastKnownFileType = folder.assetcatalog; path = Assets.xcassets; sourceTree = "<group>"; };
		FBD796751F286B3700FA50BE /* Base */ = {isa = PBXFileReference; lastKnownFileType = file.storyboard; name = Base; path = Base.lproj/LaunchScreen.storyboard; sourceTree = "<group>"; };
		FBD796771F286B3700FA50BE /* Info.plist */ = {isa = PBXFileReference; lastKnownFileType = text.plist.xml; path = Info.plist; sourceTree = "<group>"; };
		FBD7967C1F286B3700FA50BE /* workerTests.xctest */ = {isa = PBXFileReference; explicitFileType = wrapper.cfbundle; includeInIndex = 0; path = workerTests.xctest; sourceTree = BUILT_PRODUCTS_DIR; };
		FBD796801F286B3700FA50BE /* workerTests.m */ = {isa = PBXFileReference; lastKnownFileType = sourcecode.c.objc; path = workerTests.m; sourceTree = "<group>"; };
		FBD796821F286B3700FA50BE /* Info.plist */ = {isa = PBXFileReference; lastKnownFileType = text.plist.xml; path = Info.plist; sourceTree = "<group>"; };
		FBD796871F286B3700FA50BE /* workerUITests.xctest */ = {isa = PBXFileReference; explicitFileType = wrapper.cfbundle; includeInIndex = 0; path = workerUITests.xctest; sourceTree = BUILT_PRODUCTS_DIR; };
		FBD7968B1F286B3700FA50BE /* workerUITests.m */ = {isa = PBXFileReference; lastKnownFileType = sourcecode.c.objc; path = workerUITests.m; sourceTree = "<group>"; };
		FBD7968D1F286B3700FA50BE /* Info.plist */ = {isa = PBXFileReference; lastKnownFileType = text.plist.xml; path = Info.plist; sourceTree = "<group>"; };
		FBD7969B1F28825B00FA50BE /* workerobject.pch */ = {isa = PBXFileReference; lastKnownFileType = sourcecode.c.h; path = workerobject.pch; sourceTree = "<group>"; };
		FBD7969C1F28874C00FA50BE /* BaseViewController.h */ = {isa = PBXFileReference; fileEncoding = 4; lastKnownFileType = sourcecode.c.h; path = BaseViewController.h; sourceTree = "<group>"; };
		FBD7969D1F28874C00FA50BE /* BaseViewController.m */ = {isa = PBXFileReference; fileEncoding = 4; lastKnownFileType = sourcecode.c.objc; path = BaseViewController.m; sourceTree = "<group>"; };
		FBD7969F1F28899700FA50BE /* myselfway.h */ = {isa = PBXFileReference; fileEncoding = 4; lastKnownFileType = sourcecode.c.h; path = myselfway.h; sourceTree = "<group>"; };
		FBD796A01F28899700FA50BE /* myselfway.m */ = {isa = PBXFileReference; fileEncoding = 4; lastKnownFileType = sourcecode.c.objc; path = myselfway.m; sourceTree = "<group>"; };
		FBE4216B1F3D7A9100336990 /* EditTextTableViewCell.h */ = {isa = PBXFileReference; fileEncoding = 4; lastKnownFileType = sourcecode.c.h; path = EditTextTableViewCell.h; sourceTree = "<group>"; };
		FBE4216C1F3D7A9100336990 /* EditTextTableViewCell.m */ = {isa = PBXFileReference; fileEncoding = 4; lastKnownFileType = sourcecode.c.objc; path = EditTextTableViewCell.m; sourceTree = "<group>"; };
		FBE4216E1F3D7CC300336990 /* EditSetTableViewCell.h */ = {isa = PBXFileReference; fileEncoding = 4; lastKnownFileType = sourcecode.c.h; path = EditSetTableViewCell.h; sourceTree = "<group>"; };
		FBE4216F1F3D7CC300336990 /* EditSetTableViewCell.m */ = {isa = PBXFileReference; fileEncoding = 4; lastKnownFileType = sourcecode.c.objc; path = EditSetTableViewCell.m; sourceTree = "<group>"; };
		FBE421711F3D8B8800336990 /* EditSelecedTableViewCell.h */ = {isa = PBXFileReference; fileEncoding = 4; lastKnownFileType = sourcecode.c.h; path = EditSelecedTableViewCell.h; sourceTree = "<group>"; };
		FBE421721F3D8B8800336990 /* EditSelecedTableViewCell.m */ = {isa = PBXFileReference; fileEncoding = 4; lastKnownFileType = sourcecode.c.objc; path = EditSelecedTableViewCell.m; sourceTree = "<group>"; };
		FBFD602D1F3BFF870061DB20 /* PreviewTableViewCell.h */ = {isa = PBXFileReference; fileEncoding = 4; lastKnownFileType = sourcecode.c.h; path = PreviewTableViewCell.h; sourceTree = "<group>"; };
		FBFD602E1F3BFF870061DB20 /* PreviewTableViewCell.m */ = {isa = PBXFileReference; fileEncoding = 4; lastKnownFileType = sourcecode.c.objc; path = PreviewTableViewCell.m; sourceTree = "<group>"; };
/* End PBXFileReference section */

/* Begin PBXFrameworksBuildPhase section */
		FBD7965D1F286B3700FA50BE /* Frameworks */ = {
			isa = PBXFrameworksBuildPhase;
			buildActionMask = 2147483647;
			files = (
				FB6F86A61F346C1000806108 /* libresolv.tbd in Frameworks */,
				FB6F86A41F346C0500806108 /* UserNotifications.framework in Frameworks */,
				FB6F86A21F346BF900806108 /* AdSupport.framework in Frameworks */,
				FB6F86A01F346BF000806108 /* libz.tbd in Frameworks */,
				FB36878B1F2B2202008E8387 /* Security.framework in Frameworks */,
				FB6F869E1F346BDC00806108 /* UIKit.framework in Frameworks */,
				FB6F869C1F346BD500806108 /* Foundation.framework in Frameworks */,
				FB3687891F2B21F9008E8387 /* CoreGraphics.framework in Frameworks */,
				FB3687871F2B21ED008E8387 /* SystemConfiguration.framework in Frameworks */,
				FB6F869A1F346BB300806108 /* CoreFoundation.framework in Frameworks */,
				FB6F86981F346BA900806108 /* CFNetwork.framework in Frameworks */,
				FB3687911F2B226F008E8387 /* libstdc++.6.0.9.tbd in Frameworks */,
				FB36878F1F2B2236008E8387 /* CoreTelephony.framework in Frameworks */,
				FB36878D1F2B2213008E8387 /* libsqlite3.0.tbd in Frameworks */,
				FB3687851F2B21E1008E8387 /* OpenGLES.framework in Frameworks */,
				FB3687831F2B21D7008E8387 /* QuartzCore.framework in Frameworks */,
				FB3687811F2B2195008E8387 /* CoreLocation.framework in Frameworks */,
				AD02FD82877B50F9BA7F2EE9 /* libPods-worker.a in Frameworks */,
			);
			runOnlyForDeploymentPostprocessing = 0;
		};
		FBD796791F286B3700FA50BE /* Frameworks */ = {
			isa = PBXFrameworksBuildPhase;
			buildActionMask = 2147483647;
			files = (
				9A4E47774D86A37BFCDC317C /* libPods-workerTests.a in Frameworks */,
			);
			runOnlyForDeploymentPostprocessing = 0;
		};
		FBD796841F286B3700FA50BE /* Frameworks */ = {
			isa = PBXFrameworksBuildPhase;
			buildActionMask = 2147483647;
			files = (
				9034A1169F3D004D73422530 /* libPods-workerUITests.a in Frameworks */,
			);
			runOnlyForDeploymentPostprocessing = 0;
		};
/* End PBXFrameworksBuildPhase section */

/* Begin PBXGroup section */
		50FDCCD7E1B0C0A8FF2BAAC3 /* Frameworks */ = {
			isa = PBXGroup;
			children = (
				FB6F86A51F346C1000806108 /* libresolv.tbd */,
				FB6F86A31F346C0500806108 /* UserNotifications.framework */,
				FB6F86A11F346BF900806108 /* AdSupport.framework */,
				FB6F869F1F346BF000806108 /* libz.tbd */,
				FB6F869D1F346BDC00806108 /* UIKit.framework */,
				FB6F869B1F346BD500806108 /* Foundation.framework */,
				FB6F86991F346BB300806108 /* CoreFoundation.framework */,
				FB6F86971F346BA900806108 /* CFNetwork.framework */,
				FB3687901F2B226F008E8387 /* libstdc++.6.0.9.tbd */,
				FB36878E1F2B2236008E8387 /* CoreTelephony.framework */,
				FB36878C1F2B2213008E8387 /* libsqlite3.0.tbd */,
				FB36878A1F2B2202008E8387 /* Security.framework */,
				FB3687881F2B21F9008E8387 /* CoreGraphics.framework */,
				FB3687861F2B21ED008E8387 /* SystemConfiguration.framework */,
				FB3687841F2B21E1008E8387 /* OpenGLES.framework */,
				FB3687821F2B21D7008E8387 /* QuartzCore.framework */,
				FB3687801F2B2195008E8387 /* CoreLocation.framework */,
				D7643CA759AC79643AC0EEDC /* libPods-worker.a */,
				8D47CF5FEACEC1393A60B87D /* libPods-workerTests.a */,
				5C1F10145795CF94D2603748 /* libPods-workerUITests.a */,
			);
			name = Frameworks;
			sourceTree = "<group>";
		};
		72871EDB57DD370BB4B9888C /* Pods */ = {
			isa = PBXGroup;
			children = (
				E16E4F74CA02791E4BFA0747 /* Pods-worker.debug.xcconfig */,
				D6F71C262734D4AA28314D81 /* Pods-worker.release.xcconfig */,
				D3489397782362719B10AEC1 /* Pods-workerTests.debug.xcconfig */,
				8BE55178E65C1E141E4DE270 /* Pods-workerTests.release.xcconfig */,
				75A1E32B57AD3D54EE9A9353 /* Pods-workerUITests.debug.xcconfig */,
				8B01216A04274A3E9541D2C5 /* Pods-workerUITests.release.xcconfig */,
			);
			name = Pods;
			sourceTree = "<group>";
		};
		FB2581CD1F3958CA00BE510F /* 个人信息管理 */ = {
			isa = PBXGroup;
			children = (
				FB2581D61F39594900BE510F /* PersonageManagementViewController.h */,
				FB2581D71F39594900BE510F /* PersonageManagementViewController.m */,
			);
			path = "个人信息管理";
			sourceTree = "<group>";
		};
		FB2581CE1F3958CA00BE510F /* 工人工作管理 */ = {
			isa = PBXGroup;
			children = (
				FB2581D01F39590200BE510F /* WorkerManagementViewController.h */,
				FB2581D11F39590200BE510F /* WorkerManagementViewController.m */,
			);
			path = "工人工作管理";
			sourceTree = "<group>";
		};
		FB2581CF1F3958CA00BE510F /* 雇主发布管理 */ = {
			isa = PBXGroup;
			children = (
				FB2581D31F39592400BE510F /* EmployerManagementViewController.h */,
				FB2581D41F39592400BE510F /* EmployerManagementViewController.m */,
			);
			path = "雇主发布管理";
			sourceTree = "<group>";
		};
		FB2581DF1F39913800BE510F /* 个人信息管理 */ = {
			isa = PBXGroup;
			children = (
				FB0C13921F3B061100A1C463 /* Headview.h */,
				FB0C13931F3B061100A1C463 /* Headview.m */,
				FBFD602D1F3BFF870061DB20 /* PreviewTableViewCell.h */,
				FBFD602E1F3BFF870061DB20 /* PreviewTableViewCell.m */,
				FB339D451F3C3A550086CF2D /* BriefTableViewCell.h */,
				FB339D461F3C3A550086CF2D /* BriefTableViewCell.m */,
				FB339D481F3C49E80086CF2D /* CraftTableViewCell.h */,
				FB339D491F3C49E80086CF2D /* CraftTableViewCell.m */,
				FBAB094C1F3D4BFE004CB16D /* workerCollectionViewCell.h */,
				FBAB094D1F3D4BFE004CB16D /* workerCollectionViewCell.m */,
				FBE4216B1F3D7A9100336990 /* EditTextTableViewCell.h */,
				FBE4216C1F3D7A9100336990 /* EditTextTableViewCell.m */,
				FBE4216E1F3D7CC300336990 /* EditSetTableViewCell.h */,
				FBE4216F1F3D7CC300336990 /* EditSetTableViewCell.m */,
				FBE421711F3D8B8800336990 /* EditSelecedTableViewCell.h */,
				FBE421721F3D8B8800336990 /* EditSelecedTableViewCell.m */,
				FB7703301F413DF50028EB84 /* EditCraftTableViewCell.h */,
				FB7703311F413DF50028EB84 /* EditCraftTableViewCell.m */,
				FB7703331F413E430028EB84 /* EditworkerCollectionViewCell.h */,
				FB7703341F413E430028EB84 /* EditworkerCollectionViewCell.m */,
				FB7703361F4148F20028EB84 /* EdirAddTableViewCell.h */,
				FB7703371F4148F20028EB84 /* EdirAddTableViewCell.m */,
			);
			path = "个人信息管理";
			sourceTree = "<group>";
		};
		FB2581E01F39913800BE510F /* 工人工作管理 */ = {
			isa = PBXGroup;
			children = (
				FB2581E21F39918200BE510F /* OneTableViewCell.h */,
				FB2581E31F39918200BE510F /* OneTableViewCell.m */,
			);
			path = "工人工作管理";
			sourceTree = "<group>";
		};
		FB2581E11F39913800BE510F /* 雇主发布管理 */ = {
			isa = PBXGroup;
			children = (
			);
			path = "雇主发布管理";
			sourceTree = "<group>";
		};
		FB3687781F2B1CCE008E8387 /* controller */ = {
			isa = PBXGroup;
			children = (
				FB5D87E71F30226600830F89 /* MessViewController.h */,
				FB5D87E81F30226600830F89 /* MessViewController.m */,
			);
			path = controller;
			sourceTree = "<group>";
		};
		FB3687791F2B1CCE008E8387 /* model */ = {
			isa = PBXGroup;
			children = (
			);
			path = model;
			sourceTree = "<group>";
		};
		FB36877A1F2B1CCE008E8387 /* view */ = {
			isa = PBXGroup;
			children = (
			);
			path = view;
			sourceTree = "<group>";
		};
		FB36877B1F2B1CD5008E8387 /* controller */ = {
			isa = PBXGroup;
			children = (
				FB5D87EA1F30227100830F89 /* JobViewController.h */,
				FB5D87EB1F30227100830F89 /* JobViewController.m */,
				FB7F384B1F384A950082A8FA /* RechargeViewController.h */,
				FB7F384C1F384A950082A8FA /* RechargeViewController.m */,
				FB2581D91F395BA100BE510F /* TypeView.h */,
				FB2581DA1F395BA100BE510F /* TypeView.m */,
				FB2581CD1F3958CA00BE510F /* 个人信息管理 */,
				FB2581CE1F3958CA00BE510F /* 工人工作管理 */,
				FB2581CF1F3958CA00BE510F /* 雇主发布管理 */,
			);
			path = controller;
			sourceTree = "<group>";
		};
		FB36877C1F2B1CD5008E8387 /* model */ = {
			isa = PBXGroup;
			children = (
			);
			path = model;
			sourceTree = "<group>";
		};
		FB36877D1F2B1CD5008E8387 /* view */ = {
			isa = PBXGroup;
			children = (
				FB2581DF1F39913800BE510F /* 个人信息管理 */,
				FB2581E01F39913800BE510F /* 工人工作管理 */,
				FB2581E11F39913800BE510F /* 雇主发布管理 */,
				FB5D87F31F3045D900830F89 /* FirstTableViewCell.h */,
				FB5D87F41F3045D900830F89 /* FirstTableViewCell.m */,
				FB5D87F61F3045E800830F89 /* ElseTableViewCell.h */,
				FB5D87F71F3045E800830F89 /* ElseTableViewCell.m */,
				FB7F384E1F384B6A0082A8FA /* RechargeTableViewCell.h */,
				FB7F384F1F384B6A0082A8FA /* RechargeTableViewCell.m */,
				FB7F38511F3857E50082A8FA /* PayTableViewCell.h */,
				FB7F38521F3857E50082A8FA /* PayTableViewCell.m */,
			);
			path = view;
			sourceTree = "<group>";
		};
		FB7FA5811F32F75F0096F6F2 /* controller */ = {
			isa = PBXGroup;
			children = (
				FB7FA5821F32F75F0096F6F2 /* MainViewController.h */,
				FB7FA5831F32F75F0096F6F2 /* MainViewController.m */,
				FB7FA5841F32F75F0096F6F2 /* SelecdCityViewController.h */,
				FB7FA5851F32F75F0096F6F2 /* SelecdCityViewController.m */,
				FB7FA5861F32F75F0096F6F2 /* 发布工作 */,
				FB7FA5871F32F75F0096F6F2 /* 找工人 */,
				FB7FA58C1F32F75F0096F6F2 /* 找工作 */,
			);
			path = controller;
			sourceTree = "<group>";
		};
		FB7FA5861F32F75F0096F6F2 /* 发布工作 */ = {
			isa = PBXGroup;
			children = (
				FB0C138F1F3AB96900A1C463 /* IssueViewController.h */,
				FB0C13901F3AB96900A1C463 /* IssueViewController.m */,
			);
			path = "发布工作";
			sourceTree = "<group>";
		};
		FB7FA5871F32F75F0096F6F2 /* 找工人 */ = {
			isa = PBXGroup;
			children = (
				FB7FA5881F32F75F0096F6F2 /* ProfessionViewController.h */,
				FB7FA5891F32F75F0096F6F2 /* ProfessionViewController.m */,
				FB7FA58A1F32F75F0096F6F2 /* WorkerMessViewController.h */,
				FB7FA58B1F32F75F0096F6F2 /* WorkerMessViewController.m */,
			);
			path = "找工人";
			sourceTree = "<group>";
		};
		FB7FA58C1F32F75F0096F6F2 /* 找工作 */ = {
			isa = PBXGroup;
			children = (
				FB7FA5B51F32F83F0096F6F2 /* SeachJobViewController.h */,
				FB7FA5B61F32F83F0096F6F2 /* SeachJobViewController.m */,
			);
			path = "找工作";
			sourceTree = "<group>";
		};
		FB7FA58D1F32F75F0096F6F2 /* model */ = {
			isa = PBXGroup;
			children = (
				FB6F86521F3416C800806108 /* workerModel.h */,
				FB6F86531F3416C800806108 /* workerModel.m */,
			);
			path = model;
			sourceTree = "<group>";
		};
		FB7FA58E1F32F75F0096F6F2 /* view */ = {
			isa = PBXGroup;
			children = (
				FB7FA58F1F32F75F0096F6F2 /* MainTableViewCell.h */,
				FB7FA5901F32F75F0096F6F2 /* MainTableViewCell.m */,
				FB7FA5911F32F75F0096F6F2 /* 发布工作 */,
				FB7FA5921F32F75F0096F6F2 /* 找工人 */,
				FB7FA5971F32F75F0096F6F2 /* 找工作 */,
			);
			path = view;
			sourceTree = "<group>";
		};
		FB7FA5911F32F75F0096F6F2 /* 发布工作 */ = {
			isa = PBXGroup;
			children = (
			);
			path = "发布工作";
			sourceTree = "<group>";
		};
		FB7FA5921F32F75F0096F6F2 /* 找工人 */ = {
			isa = PBXGroup;
			children = (
				FB7FA5931F32F75F0096F6F2 /* ProfessionTableViewCell.h */,
				FB7FA5941F32F75F0096F6F2 /* ProfessionTableViewCell.m */,
				FB7FA5951F32F75F0096F6F2 /* WorkerMessTableViewCell.h */,
				FB7FA5961F32F75F0096F6F2 /* WorkerMessTableViewCell.m */,
			);
			path = "找工人";
			sourceTree = "<group>";
		};
		FB7FA5971F32F75F0096F6F2 /* 找工作 */ = {
			isa = PBXGroup;
			children = (
			);
			path = "找工作";
			sourceTree = "<group>";
		};
		FB7FA59F1F32F7670096F6F2 /* controller */ = {
			isa = PBXGroup;
			children = (
				FB7FA5A01F32F7670096F6F2 /* MineViewController.h */,
				FB7FA5A11F32F7670096F6F2 /* MineViewController.m */,
				FB7F38481F37FB130082A8FA /* LoginViewController.h */,
				FB7F38491F37FB130082A8FA /* LoginViewController.m */,
				FB77033C1F4182000028EB84 /* SetViewController.h */,
				FB77033D1F4182000028EB84 /* SetViewController.m */,
				FB7FA5B11F32F80C0096F6F2 /* 收藏评价功能栏 */,
			);
			path = controller;
			sourceTree = "<group>";
		};
		FB7FA5A21F32F7670096F6F2 /* model */ = {
			isa = PBXGroup;
			children = (
			);
			path = model;
			sourceTree = "<group>";
		};
		FB7FA5A31F32F7670096F6F2 /* view */ = {
			isa = PBXGroup;
			children = (
				FB7FA5A41F32F7670096F6F2 /* MineElesTableViewCell.h */,
				FB7FA5A51F32F7670096F6F2 /* MineElesTableViewCell.m */,
				FB7FA5A61F32F7670096F6F2 /* MineLoginTableViewCell.h */,
				FB7FA5A71F32F7670096F6F2 /* MineLoginTableViewCell.m */,
				FB7FA5A81F32F7670096F6F2 /* MineMoneyTableViewCell.h */,
				FB7FA5A91F32F7670096F6F2 /* MineMoneyTableViewCell.m */,
				FB7FA5AA1F32F7670096F6F2 /* MineScrTableViewCell.h */,
				FB7FA5AB1F32F7670096F6F2 /* MineScrTableViewCell.m */,
				FB7FA5B81F330EB60096F6F2 /* MessTableViewCell.h */,
				FB7FA5B91F330EB60096F6F2 /* MessTableViewCell.m */,
				FB0C138C1F3AA5E300A1C463 /* LoginTableViewCell.h */,
				FB0C138D1F3AA5E300A1C463 /* LoginTableViewCell.m */,
				FB77033F1F4182B50028EB84 /* SetTableViewCell.h */,
				FB7703401F4182B50028EB84 /* SetTableViewCell.m */,
			);
			path = view;
			sourceTree = "<group>";
		};
		FB7FA5B11F32F80C0096F6F2 /* 收藏评价功能栏 */ = {
			isa = PBXGroup;
			children = (
				FB7FA5B21F32F81F0096F6F2 /* MineMessViewController.h */,
				FB7FA5B31F32F81F0096F6F2 /* MineMessViewController.m */,
				FB7703391F416C1B0028EB84 /* MineFavoriteViewController.h */,
				FB77033A1F416C1B0028EB84 /* MineFavoriteViewController.m */,
			);
			path = "收藏评价功能栏";
			sourceTree = "<group>";
		};
		FBD796571F286B3700FA50BE = {
			isa = PBXGroup;
			children = (
				FB3687921F2B22AD008E8387 /* mapapi.bundle */,
				FBD796621F286B3700FA50BE /* worker */,
				FBD7967F1F286B3700FA50BE /* workerTests */,
				FBD7968A1F286B3700FA50BE /* workerUITests */,
				FBD796611F286B3700FA50BE /* Products */,
				72871EDB57DD370BB4B9888C /* Pods */,
				50FDCCD7E1B0C0A8FF2BAAC3 /* Frameworks */,
			);
			sourceTree = "<group>";
		};
		FBD796611F286B3700FA50BE /* Products */ = {
			isa = PBXGroup;
			children = (
				FBD796601F286B3700FA50BE /* worker.app */,
				FBD7967C1F286B3700FA50BE /* workerTests.xctest */,
				FBD796871F286B3700FA50BE /* workerUITests.xctest */,
			);
			name = Products;
			sourceTree = "<group>";
		};
		FBD796621F286B3700FA50BE /* worker */ = {
			isa = PBXGroup;
			children = (
				FB6F86A71F346CE100806108 /* worker.entitlements */,
				FBD796A81F288CA100FA50BE /* job */,
				FBD796A61F288C9A00FA50BE /* message */,
				FBD796A71F288C9A00FA50BE /* mine */,
				FBD796A21F288A6700FA50BE /* main */,
				FBD796661F286B3700FA50BE /* AppDelegate.h */,
				FBD796671F286B3700FA50BE /* AppDelegate.m */,
				FBD796721F286B3700FA50BE /* Assets.xcassets */,
				FBD796741F286B3700FA50BE /* LaunchScreen.storyboard */,
				FBD7969B1F28825B00FA50BE /* workerobject.pch */,
				FBD796771F286B3700FA50BE /* Info.plist */,
				FBD7969C1F28874C00FA50BE /* BaseViewController.h */,
				FBD7969D1F28874C00FA50BE /* BaseViewController.m */,
				FBD7969F1F28899700FA50BE /* myselfway.h */,
				FBD796A01F28899700FA50BE /* myselfway.m */,
				FB9911371F29757F0017A32B /* TabbarView.h */,
				FB9911381F29757F0017A32B /* TabbarView.m */,
				FBD796631F286B3700FA50BE /* Supporting Files */,
			);
			path = worker;
			sourceTree = "<group>";
		};
		FBD796631F286B3700FA50BE /* Supporting Files */ = {
			isa = PBXGroup;
			children = (
				FBD796641F286B3700FA50BE /* main.m */,
			);
			name = "Supporting Files";
			sourceTree = "<group>";
		};
		FBD7967F1F286B3700FA50BE /* workerTests */ = {
			isa = PBXGroup;
			children = (
				FBD796801F286B3700FA50BE /* workerTests.m */,
				FBD796821F286B3700FA50BE /* Info.plist */,
			);
			path = workerTests;
			sourceTree = "<group>";
		};
		FBD7968A1F286B3700FA50BE /* workerUITests */ = {
			isa = PBXGroup;
			children = (
				FBD7968B1F286B3700FA50BE /* workerUITests.m */,
				FBD7968D1F286B3700FA50BE /* Info.plist */,
			);
			path = workerUITests;
			sourceTree = "<group>";
		};
		FBD796A21F288A6700FA50BE /* main */ = {
			isa = PBXGroup;
			children = (
				FB7FA5811F32F75F0096F6F2 /* controller */,
				FB7FA58D1F32F75F0096F6F2 /* model */,
				FB7FA58E1F32F75F0096F6F2 /* view */,
			);
			path = main;
			sourceTree = "<group>";
		};
		FBD796A61F288C9A00FA50BE /* message */ = {
			isa = PBXGroup;
			children = (
				FB3687781F2B1CCE008E8387 /* controller */,
				FB3687791F2B1CCE008E8387 /* model */,
				FB36877A1F2B1CCE008E8387 /* view */,
			);
			path = message;
			sourceTree = "<group>";
		};
		FBD796A71F288C9A00FA50BE /* mine */ = {
			isa = PBXGroup;
			children = (
				FB7FA59F1F32F7670096F6F2 /* controller */,
				FB7FA5A21F32F7670096F6F2 /* model */,
				FB7FA5A31F32F7670096F6F2 /* view */,
			);
			path = mine;
			sourceTree = "<group>";
		};
		FBD796A81F288CA100FA50BE /* job */ = {
			isa = PBXGroup;
			children = (
				FB36877B1F2B1CD5008E8387 /* controller */,
				FB36877C1F2B1CD5008E8387 /* model */,
				FB36877D1F2B1CD5008E8387 /* view */,
			);
			path = job;
			sourceTree = "<group>";
		};
/* End PBXGroup section */

/* Begin PBXNativeTarget section */
		FBD7965F1F286B3700FA50BE /* worker */ = {
			isa = PBXNativeTarget;
			buildConfigurationList = FBD796901F286B3700FA50BE /* Build configuration list for PBXNativeTarget "worker" */;
			buildPhases = (
				98670E28F49A78F4F3447DCB /* [CP] Check Pods Manifest.lock */,
				FBD7965C1F286B3700FA50BE /* Sources */,
				FBD7965D1F286B3700FA50BE /* Frameworks */,
				FBD7965E1F286B3700FA50BE /* Resources */,
				75035EFB9F85FBA9415369FD /* [CP] Embed Pods Frameworks */,
				FBFFBF345BE318890C14E2BD /* [CP] Copy Pods Resources */,
			);
			buildRules = (
			);
			dependencies = (
			);
			name = worker;
			productName = worker;
			productReference = FBD796601F286B3700FA50BE /* worker.app */;
			productType = "com.apple.product-type.application";
		};
		FBD7967B1F286B3700FA50BE /* workerTests */ = {
			isa = PBXNativeTarget;
			buildConfigurationList = FBD796931F286B3700FA50BE /* Build configuration list for PBXNativeTarget "workerTests" */;
			buildPhases = (
				FE7E0E8C751D237BC28A5974 /* [CP] Check Pods Manifest.lock */,
				FBD796781F286B3700FA50BE /* Sources */,
				FBD796791F286B3700FA50BE /* Frameworks */,
				FBD7967A1F286B3700FA50BE /* Resources */,
				7D5A2A9696711220C0C72E03 /* [CP] Embed Pods Frameworks */,
				1652001D3988CF2C96D26358 /* [CP] Copy Pods Resources */,
			);
			buildRules = (
			);
			dependencies = (
				FBD7967E1F286B3700FA50BE /* PBXTargetDependency */,
			);
			name = workerTests;
			productName = workerTests;
			productReference = FBD7967C1F286B3700FA50BE /* workerTests.xctest */;
			productType = "com.apple.product-type.bundle.unit-test";
		};
		FBD796861F286B3700FA50BE /* workerUITests */ = {
			isa = PBXNativeTarget;
			buildConfigurationList = FBD796961F286B3700FA50BE /* Build configuration list for PBXNativeTarget "workerUITests" */;
			buildPhases = (
				86E1A233701E1F954D68846A /* [CP] Check Pods Manifest.lock */,
				FBD796831F286B3700FA50BE /* Sources */,
				FBD796841F286B3700FA50BE /* Frameworks */,
				FBD796851F286B3700FA50BE /* Resources */,
				EAD9F93A89C3439379575625 /* [CP] Embed Pods Frameworks */,
				7E83AFB3194471AAF4B588F7 /* [CP] Copy Pods Resources */,
			);
			buildRules = (
			);
			dependencies = (
				FBD796891F286B3700FA50BE /* PBXTargetDependency */,
			);
			name = workerUITests;
			productName = workerUITests;
			productReference = FBD796871F286B3700FA50BE /* workerUITests.xctest */;
			productType = "com.apple.product-type.bundle.ui-testing";
		};
/* End PBXNativeTarget section */

/* Begin PBXProject section */
		FBD796581F286B3700FA50BE /* Project object */ = {
			isa = PBXProject;
			attributes = {
				LastUpgradeCheck = 0830;
				ORGANIZATIONNAME = "郭健";
				TargetAttributes = {
					FBD7965F1F286B3700FA50BE = {
						CreatedOnToolsVersion = 8.3.2;
						DevelopmentTeam = HU35988BP4;
						ProvisioningStyle = Automatic;
						SystemCapabilities = {
							com.apple.Push = {
								enabled = 1;
							};
						};
					};
					FBD7967B1F286B3700FA50BE = {
						CreatedOnToolsVersion = 8.3.2;
						DevelopmentTeam = T8ZN24F3U8;
						ProvisioningStyle = Automatic;
						TestTargetID = FBD7965F1F286B3700FA50BE;
					};
					FBD796861F286B3700FA50BE = {
						CreatedOnToolsVersion = 8.3.2;
						DevelopmentTeam = T8ZN24F3U8;
						ProvisioningStyle = Automatic;
						TestTargetID = FBD7965F1F286B3700FA50BE;
					};
				};
			};
			buildConfigurationList = FBD7965B1F286B3700FA50BE /* Build configuration list for PBXProject "worker" */;
			compatibilityVersion = "Xcode 3.2";
			developmentRegion = English;
			hasScannedForEncodings = 0;
			knownRegions = (
				en,
				Base,
			);
			mainGroup = FBD796571F286B3700FA50BE;
			productRefGroup = FBD796611F286B3700FA50BE /* Products */;
			projectDirPath = "";
			projectRoot = "";
			targets = (
				FBD7965F1F286B3700FA50BE /* worker */,
				FBD7967B1F286B3700FA50BE /* workerTests */,
				FBD796861F286B3700FA50BE /* workerUITests */,
			);
		};
/* End PBXProject section */

/* Begin PBXResourcesBuildPhase section */
		FBD7965E1F286B3700FA50BE /* Resources */ = {
			isa = PBXResourcesBuildPhase;
			buildActionMask = 2147483647;
			files = (
				FB3687931F2B22AD008E8387 /* mapapi.bundle in Resources */,
				FBD796761F286B3700FA50BE /* LaunchScreen.storyboard in Resources */,
				FBD796731F286B3700FA50BE /* Assets.xcassets in Resources */,
			);
			runOnlyForDeploymentPostprocessing = 0;
		};
		FBD7967A1F286B3700FA50BE /* Resources */ = {
			isa = PBXResourcesBuildPhase;
			buildActionMask = 2147483647;
			files = (
			);
			runOnlyForDeploymentPostprocessing = 0;
		};
		FBD796851F286B3700FA50BE /* Resources */ = {
			isa = PBXResourcesBuildPhase;
			buildActionMask = 2147483647;
			files = (
			);
			runOnlyForDeploymentPostprocessing = 0;
		};
/* End PBXResourcesBuildPhase section */

/* Begin PBXShellScriptBuildPhase section */
		1652001D3988CF2C96D26358 /* [CP] Copy Pods Resources */ = {
			isa = PBXShellScriptBuildPhase;
			buildActionMask = 2147483647;
			files = (
			);
			inputPaths = (
			);
			name = "[CP] Copy Pods Resources";
			outputPaths = (
			);
			runOnlyForDeploymentPostprocessing = 0;
			shellPath = /bin/sh;
			shellScript = "\"${SRCROOT}/Pods/Target Support Files/Pods-workerTests/Pods-workerTests-resources.sh\"\n";
			showEnvVarsInLog = 0;
		};
		75035EFB9F85FBA9415369FD /* [CP] Embed Pods Frameworks */ = {
			isa = PBXShellScriptBuildPhase;
			buildActionMask = 2147483647;
			files = (
			);
			inputPaths = (
			);
			name = "[CP] Embed Pods Frameworks";
			outputPaths = (
			);
			runOnlyForDeploymentPostprocessing = 0;
			shellPath = /bin/sh;
			shellScript = "\"${SRCROOT}/Pods/Target Support Files/Pods-worker/Pods-worker-frameworks.sh\"\n";
			showEnvVarsInLog = 0;
		};
		7D5A2A9696711220C0C72E03 /* [CP] Embed Pods Frameworks */ = {
			isa = PBXShellScriptBuildPhase;
			buildActionMask = 2147483647;
			files = (
			);
			inputPaths = (
			);
			name = "[CP] Embed Pods Frameworks";
			outputPaths = (
			);
			runOnlyForDeploymentPostprocessing = 0;
			shellPath = /bin/sh;
			shellScript = "\"${SRCROOT}/Pods/Target Support Files/Pods-workerTests/Pods-workerTests-frameworks.sh\"\n";
			showEnvVarsInLog = 0;
		};
		7E83AFB3194471AAF4B588F7 /* [CP] Copy Pods Resources */ = {
			isa = PBXShellScriptBuildPhase;
			buildActionMask = 2147483647;
			files = (
			);
			inputPaths = (
			);
			name = "[CP] Copy Pods Resources";
			outputPaths = (
			);
			runOnlyForDeploymentPostprocessing = 0;
			shellPath = /bin/sh;
			shellScript = "\"${SRCROOT}/Pods/Target Support Files/Pods-workerUITests/Pods-workerUITests-resources.sh\"\n";
			showEnvVarsInLog = 0;
		};
		86E1A233701E1F954D68846A /* [CP] Check Pods Manifest.lock */ = {
			isa = PBXShellScriptBuildPhase;
			buildActionMask = 2147483647;
			files = (
			);
			inputPaths = (
			);
			name = "[CP] Check Pods Manifest.lock";
			outputPaths = (
			);
			runOnlyForDeploymentPostprocessing = 0;
			shellPath = /bin/sh;
			shellScript = "diff \"${PODS_PODFILE_DIR_PATH}/Podfile.lock\" \"${PODS_ROOT}/Manifest.lock\" > /dev/null\nif [ $? != 0 ] ; then\n    # print error to STDERR\n    echo \"error: The sandbox is not in sync with the Podfile.lock. Run 'pod install' or update your CocoaPods installation.\" >&2\n    exit 1\nfi\n";
			showEnvVarsInLog = 0;
		};
		98670E28F49A78F4F3447DCB /* [CP] Check Pods Manifest.lock */ = {
			isa = PBXShellScriptBuildPhase;
			buildActionMask = 2147483647;
			files = (
			);
			inputPaths = (
			);
			name = "[CP] Check Pods Manifest.lock";
			outputPaths = (
			);
			runOnlyForDeploymentPostprocessing = 0;
			shellPath = /bin/sh;
			shellScript = "diff \"${PODS_PODFILE_DIR_PATH}/Podfile.lock\" \"${PODS_ROOT}/Manifest.lock\" > /dev/null\nif [ $? != 0 ] ; then\n    # print error to STDERR\n    echo \"error: The sandbox is not in sync with the Podfile.lock. Run 'pod install' or update your CocoaPods installation.\" >&2\n    exit 1\nfi\n";
			showEnvVarsInLog = 0;
		};
		EAD9F93A89C3439379575625 /* [CP] Embed Pods Frameworks */ = {
			isa = PBXShellScriptBuildPhase;
			buildActionMask = 2147483647;
			files = (
			);
			inputPaths = (
			);
			name = "[CP] Embed Pods Frameworks";
			outputPaths = (
			);
			runOnlyForDeploymentPostprocessing = 0;
			shellPath = /bin/sh;
			shellScript = "\"${SRCROOT}/Pods/Target Support Files/Pods-workerUITests/Pods-workerUITests-frameworks.sh\"\n";
			showEnvVarsInLog = 0;
		};
		FBFFBF345BE318890C14E2BD /* [CP] Copy Pods Resources */ = {
			isa = PBXShellScriptBuildPhase;
			buildActionMask = 2147483647;
			files = (
			);
			inputPaths = (
			);
			name = "[CP] Copy Pods Resources";
			outputPaths = (
			);
			runOnlyForDeploymentPostprocessing = 0;
			shellPath = /bin/sh;
			shellScript = "\"${SRCROOT}/Pods/Target Support Files/Pods-worker/Pods-worker-resources.sh\"\n";
			showEnvVarsInLog = 0;
		};
		FE7E0E8C751D237BC28A5974 /* [CP] Check Pods Manifest.lock */ = {
			isa = PBXShellScriptBuildPhase;
			buildActionMask = 2147483647;
			files = (
			);
			inputPaths = (
			);
			name = "[CP] Check Pods Manifest.lock";
			outputPaths = (
			);
			runOnlyForDeploymentPostprocessing = 0;
			shellPath = /bin/sh;
			shellScript = "diff \"${PODS_PODFILE_DIR_PATH}/Podfile.lock\" \"${PODS_ROOT}/Manifest.lock\" > /dev/null\nif [ $? != 0 ] ; then\n    # print error to STDERR\n    echo \"error: The sandbox is not in sync with the Podfile.lock. Run 'pod install' or update your CocoaPods installation.\" >&2\n    exit 1\nfi\n";
			showEnvVarsInLog = 0;
		};
/* End PBXShellScriptBuildPhase section */

/* Begin PBXSourcesBuildPhase section */
		FBD7965C1F286B3700FA50BE /* Sources */ = {
			isa = PBXSourcesBuildPhase;
			buildActionMask = 2147483647;
			files = (
				FBD796681F286B3700FA50BE /* AppDelegate.m in Sources */,
				FB2581D51F39592400BE510F /* EmployerManagementViewController.m in Sources */,
				FB5D87EC1F30227100830F89 /* JobViewController.m in Sources */,
				FB7F38501F384B6A0082A8FA /* RechargeTableViewCell.m in Sources */,
				FB7F384A1F37FB130082A8FA /* LoginViewController.m in Sources */,
				FB7FA59C1F32F75F0096F6F2 /* MainTableViewCell.m in Sources */,
				FB7FA5B41F32F81F0096F6F2 /* MineMessViewController.m in Sources */,
				FB7FA5991F32F75F0096F6F2 /* SelecdCityViewController.m in Sources */,
				FB5D87F81F3045E800830F89 /* ElseTableViewCell.m in Sources */,
				FB7F384D1F384A950082A8FA /* RechargeViewController.m in Sources */,
				FB7FA59D1F32F75F0096F6F2 /* ProfessionTableViewCell.m in Sources */,
				FBAB094E1F3D4BFE004CB16D /* workerCollectionViewCell.m in Sources */,
				FB7FA5981F32F75F0096F6F2 /* MainViewController.m in Sources */,
				FB7F38531F3857E50082A8FA /* PayTableViewCell.m in Sources */,
				FB5D87E91F30226600830F89 /* MessViewController.m in Sources */,
				FBE421701F3D7CC300336990 /* EditSetTableViewCell.m in Sources */,
				FB7703321F413DF50028EB84 /* EditCraftTableViewCell.m in Sources */,
				FB0C138E1F3AA5E300A1C463 /* LoginTableViewCell.m in Sources */,
				FB2581D81F39594900BE510F /* PersonageManagementViewController.m in Sources */,
				FB7FA5BA1F330EB60096F6F2 /* MessTableViewCell.m in Sources */,
				FB7703351F413E430028EB84 /* EditworkerCollectionViewCell.m in Sources */,
				FBD7969E1F28874C00FA50BE /* BaseViewController.m in Sources */,
				FB7FA59E1F32F75F0096F6F2 /* WorkerMessTableViewCell.m in Sources */,
				FBD796651F286B3700FA50BE /* main.m in Sources */,
				FB77033E1F4182000028EB84 /* SetViewController.m in Sources */,
				FB7FA5B71F32F83F0096F6F2 /* SeachJobViewController.m in Sources */,
				FB7FA59A1F32F75F0096F6F2 /* ProfessionViewController.m in Sources */,
				FB7FA5AE1F32F7670096F6F2 /* MineLoginTableViewCell.m in Sources */,
				FB7703411F4182B50028EB84 /* SetTableViewCell.m in Sources */,
				FBE4216D1F3D7A9100336990 /* EditTextTableViewCell.m in Sources */,
				FB7703381F4148F20028EB84 /* EdirAddTableViewCell.m in Sources */,
				FB2581D21F39590200BE510F /* WorkerManagementViewController.m in Sources */,
				FB6F86541F3416C800806108 /* workerModel.m in Sources */,
				FB77033B1F416C1B0028EB84 /* MineFavoriteViewController.m in Sources */,
				FB7FA5AC1F32F7670096F6F2 /* MineViewController.m in Sources */,
				FB339D4A1F3C49E80086CF2D /* CraftTableViewCell.m in Sources */,
				FBFD602F1F3BFF870061DB20 /* PreviewTableViewCell.m in Sources */,
				FBE421731F3D8B8800336990 /* EditSelecedTableViewCell.m in Sources */,
				FB7FA5B01F32F7670096F6F2 /* MineScrTableViewCell.m in Sources */,
				FB0C13941F3B061100A1C463 /* Headview.m in Sources */,
				FB2581E41F39918200BE510F /* OneTableViewCell.m in Sources */,
				FB7FA5AD1F32F7670096F6F2 /* MineElesTableViewCell.m in Sources */,
				FB7FA5AF1F32F7670096F6F2 /* MineMoneyTableViewCell.m in Sources */,
				FB2581DB1F395BA100BE510F /* TypeView.m in Sources */,
				FB9911391F29757F0017A32B /* TabbarView.m in Sources */,
				FB339D471F3C3A550086CF2D /* BriefTableViewCell.m in Sources */,
				FB0C13911F3AB96900A1C463 /* IssueViewController.m in Sources */,
				FB5D87F51F3045D900830F89 /* FirstTableViewCell.m in Sources */,
				FB7FA59B1F32F75F0096F6F2 /* WorkerMessViewController.m in Sources */,
				FBD796A11F28899700FA50BE /* myselfway.m in Sources */,
			);
			runOnlyForDeploymentPostprocessing = 0;
		};
		FBD796781F286B3700FA50BE /* Sources */ = {
			isa = PBXSourcesBuildPhase;
			buildActionMask = 2147483647;
			files = (
				FBD796811F286B3700FA50BE /* workerTests.m in Sources */,
			);
			runOnlyForDeploymentPostprocessing = 0;
		};
		FBD796831F286B3700FA50BE /* Sources */ = {
			isa = PBXSourcesBuildPhase;
			buildActionMask = 2147483647;
			files = (
				FBD7968C1F286B3700FA50BE /* workerUITests.m in Sources */,
			);
			runOnlyForDeploymentPostprocessing = 0;
		};
/* End PBXSourcesBuildPhase section */

/* Begin PBXTargetDependency section */
		FBD7967E1F286B3700FA50BE /* PBXTargetDependency */ = {
			isa = PBXTargetDependency;
			target = FBD7965F1F286B3700FA50BE /* worker */;
			targetProxy = FBD7967D1F286B3700FA50BE /* PBXContainerItemProxy */;
		};
		FBD796891F286B3700FA50BE /* PBXTargetDependency */ = {
			isa = PBXTargetDependency;
			target = FBD7965F1F286B3700FA50BE /* worker */;
			targetProxy = FBD796881F286B3700FA50BE /* PBXContainerItemProxy */;
		};
/* End PBXTargetDependency section */

/* Begin PBXVariantGroup section */
		FBD796741F286B3700FA50BE /* LaunchScreen.storyboard */ = {
			isa = PBXVariantGroup;
			children = (
				FBD796751F286B3700FA50BE /* Base */,
			);
			name = LaunchScreen.storyboard;
			sourceTree = "<group>";
		};
/* End PBXVariantGroup section */

/* Begin XCBuildConfiguration section */
		FBD7968E1F286B3700FA50BE /* Debug */ = {
			isa = XCBuildConfiguration;
			buildSettings = {
				ALWAYS_SEARCH_USER_PATHS = NO;
				CLANG_ANALYZER_NONNULL = YES;
				CLANG_ANALYZER_NUMBER_OBJECT_CONVERSION = YES_AGGRESSIVE;
				CLANG_CXX_LANGUAGE_STANDARD = "gnu++0x";
				CLANG_CXX_LIBRARY = "libc++";
				CLANG_ENABLE_MODULES = YES;
				CLANG_ENABLE_OBJC_ARC = YES;
				CLANG_WARN_BOOL_CONVERSION = YES;
				CLANG_WARN_CONSTANT_CONVERSION = YES;
				CLANG_WARN_DIRECT_OBJC_ISA_USAGE = YES_ERROR;
				CLANG_WARN_DOCUMENTATION_COMMENTS = YES;
				CLANG_WARN_EMPTY_BODY = YES;
				CLANG_WARN_ENUM_CONVERSION = YES;
				CLANG_WARN_INFINITE_RECURSION = YES;
				CLANG_WARN_INT_CONVERSION = YES;
				CLANG_WARN_OBJC_ROOT_CLASS = YES_ERROR;
				CLANG_WARN_SUSPICIOUS_MOVE = YES;
				CLANG_WARN_UNREACHABLE_CODE = YES;
				CLANG_WARN__DUPLICATE_METHOD_MATCH = YES;
				"CODE_SIGN_IDENTITY[sdk=iphoneos*]" = "iPhone Developer";
				COPY_PHASE_STRIP = NO;
				DEBUG_INFORMATION_FORMAT = dwarf;
				ENABLE_STRICT_OBJC_MSGSEND = YES;
				ENABLE_TESTABILITY = YES;
				GCC_C_LANGUAGE_STANDARD = gnu99;
				GCC_DYNAMIC_NO_PIC = NO;
				GCC_NO_COMMON_BLOCKS = YES;
				GCC_OPTIMIZATION_LEVEL = 0;
				GCC_PREPROCESSOR_DEFINITIONS = (
					"DEBUG=1",
					"$(inherited)",
				);
				GCC_WARN_64_TO_32_BIT_CONVERSION = YES;
				GCC_WARN_ABOUT_RETURN_TYPE = YES_ERROR;
				GCC_WARN_UNDECLARED_SELECTOR = YES;
				GCC_WARN_UNINITIALIZED_AUTOS = YES_AGGRESSIVE;
				GCC_WARN_UNUSED_FUNCTION = YES;
				GCC_WARN_UNUSED_VARIABLE = YES;
				IPHONEOS_DEPLOYMENT_TARGET = 10.3;
				MTL_ENABLE_DEBUG_INFO = YES;
				ONLY_ACTIVE_ARCH = YES;
				SDKROOT = iphoneos;
				TARGETED_DEVICE_FAMILY = "1,2";
			};
			name = Debug;
		};
		FBD7968F1F286B3700FA50BE /* Release */ = {
			isa = XCBuildConfiguration;
			buildSettings = {
				ALWAYS_SEARCH_USER_PATHS = NO;
				CLANG_ANALYZER_NONNULL = YES;
				CLANG_ANALYZER_NUMBER_OBJECT_CONVERSION = YES_AGGRESSIVE;
				CLANG_CXX_LANGUAGE_STANDARD = "gnu++0x";
				CLANG_CXX_LIBRARY = "libc++";
				CLANG_ENABLE_MODULES = YES;
				CLANG_ENABLE_OBJC_ARC = YES;
				CLANG_WARN_BOOL_CONVERSION = YES;
				CLANG_WARN_CONSTANT_CONVERSION = YES;
				CLANG_WARN_DIRECT_OBJC_ISA_USAGE = YES_ERROR;
				CLANG_WARN_DOCUMENTATION_COMMENTS = YES;
				CLANG_WARN_EMPTY_BODY = YES;
				CLANG_WARN_ENUM_CONVERSION = YES;
				CLANG_WARN_INFINITE_RECURSION = YES;
				CLANG_WARN_INT_CONVERSION = YES;
				CLANG_WARN_OBJC_ROOT_CLASS = YES_ERROR;
				CLANG_WARN_SUSPICIOUS_MOVE = YES;
				CLANG_WARN_UNREACHABLE_CODE = YES;
				CLANG_WARN__DUPLICATE_METHOD_MATCH = YES;
				"CODE_SIGN_IDENTITY[sdk=iphoneos*]" = "iPhone Developer";
				COPY_PHASE_STRIP = NO;
				DEBUG_INFORMATION_FORMAT = "dwarf-with-dsym";
				ENABLE_NS_ASSERTIONS = NO;
				ENABLE_STRICT_OBJC_MSGSEND = YES;
				GCC_C_LANGUAGE_STANDARD = gnu99;
				GCC_NO_COMMON_BLOCKS = YES;
				GCC_WARN_64_TO_32_BIT_CONVERSION = YES;
				GCC_WARN_ABOUT_RETURN_TYPE = YES_ERROR;
				GCC_WARN_UNDECLARED_SELECTOR = YES;
				GCC_WARN_UNINITIALIZED_AUTOS = YES_AGGRESSIVE;
				GCC_WARN_UNUSED_FUNCTION = YES;
				GCC_WARN_UNUSED_VARIABLE = YES;
				IPHONEOS_DEPLOYMENT_TARGET = 10.3;
				MTL_ENABLE_DEBUG_INFO = NO;
				SDKROOT = iphoneos;
				TARGETED_DEVICE_FAMILY = "1,2";
				VALIDATE_PRODUCT = YES;
			};
			name = Release;
		};
		FBD796911F286B3700FA50BE /* Debug */ = {
			isa = XCBuildConfiguration;
			baseConfigurationReference = E16E4F74CA02791E4BFA0747 /* Pods-worker.debug.xcconfig */;
			buildSettings = {
				ASSETCATALOG_COMPILER_APPICON_NAME = AppIcon;
				CODE_SIGN_ENTITLEMENTS = worker/worker.entitlements;
				DEVELOPMENT_TEAM = HU35988BP4;
				GCC_PRECOMPILE_PREFIX_HEADER = YES;
				GCC_PREFIX_HEADER = "$(SRCROOT)/worker/workerobject.pch";
				INFOPLIST_FILE = worker/Info.plist;
				IPHONEOS_DEPLOYMENT_TARGET = 10.3;
				LD_RUNPATH_SEARCH_PATHS = "$(inherited) @executable_path/Frameworks";
				PRODUCT_BUNDLE_IDENTIFIER = com.gangjian.first.worker;
				PRODUCT_NAME = "$(TARGET_NAME)";
			};
			name = Debug;
		};
		FBD796921F286B3700FA50BE /* Release */ = {
			isa = XCBuildConfiguration;
			baseConfigurationReference = D6F71C262734D4AA28314D81 /* Pods-worker.release.xcconfig */;
			buildSettings = {
				ASSETCATALOG_COMPILER_APPICON_NAME = AppIcon;
				CODE_SIGN_ENTITLEMENTS = worker/worker.entitlements;
				DEVELOPMENT_TEAM = HU35988BP4;
				GCC_PRECOMPILE_PREFIX_HEADER = YES;
				GCC_PREFIX_HEADER = "$(SRCROOT)/worker/workerobject.pch";
				INFOPLIST_FILE = worker/Info.plist;
				IPHONEOS_DEPLOYMENT_TARGET = 10.3;
				LD_RUNPATH_SEARCH_PATHS = "$(inherited) @executable_path/Frameworks";
				PRODUCT_BUNDLE_IDENTIFIER = com.gangjian.first.worker;
				PRODUCT_NAME = "$(TARGET_NAME)";
			};
			name = Release;
		};
		FBD796941F286B3700FA50BE /* Debug */ = {
			isa = XCBuildConfiguration;
			baseConfigurationReference = D3489397782362719B10AEC1 /* Pods-workerTests.debug.xcconfig */;
			buildSettings = {
				BUNDLE_LOADER = "$(TEST_HOST)";
				DEVELOPMENT_TEAM = T8ZN24F3U8;
				INFOPLIST_FILE = workerTests/Info.plist;
				LD_RUNPATH_SEARCH_PATHS = "$(inherited) @executable_path/Frameworks @loader_path/Frameworks";
				PRODUCT_BUNDLE_IDENTIFIER = com.gangjian.first.workerTests;
				PRODUCT_NAME = "$(TARGET_NAME)";
				TEST_HOST = "$(BUILT_PRODUCTS_DIR)/worker.app/worker";
			};
			name = Debug;
		};
		FBD796951F286B3700FA50BE /* Release */ = {
			isa = XCBuildConfiguration;
			baseConfigurationReference = 8BE55178E65C1E141E4DE270 /* Pods-workerTests.release.xcconfig */;
			buildSettings = {
				BUNDLE_LOADER = "$(TEST_HOST)";
				DEVELOPMENT_TEAM = T8ZN24F3U8;
				INFOPLIST_FILE = workerTests/Info.plist;
				LD_RUNPATH_SEARCH_PATHS = "$(inherited) @executable_path/Frameworks @loader_path/Frameworks";
				PRODUCT_BUNDLE_IDENTIFIER = com.gangjian.first.workerTests;
				PRODUCT_NAME = "$(TARGET_NAME)";
				TEST_HOST = "$(BUILT_PRODUCTS_DIR)/worker.app/worker";
			};
			name = Release;
		};
		FBD796971F286B3700FA50BE /* Debug */ = {
			isa = XCBuildConfiguration;
			baseConfigurationReference = 75A1E32B57AD3D54EE9A9353 /* Pods-workerUITests.debug.xcconfig */;
			buildSettings = {
				DEVELOPMENT_TEAM = T8ZN24F3U8;
				INFOPLIST_FILE = workerUITests/Info.plist;
				LD_RUNPATH_SEARCH_PATHS = "$(inherited) @executable_path/Frameworks @loader_path/Frameworks";
				PRODUCT_BUNDLE_IDENTIFIER = com.gangjian.first.workerUITests;
				PRODUCT_NAME = "$(TARGET_NAME)";
				TEST_TARGET_NAME = worker;
			};
			name = Debug;
		};
		FBD796981F286B3700FA50BE /* Release */ = {
			isa = XCBuildConfiguration;
			baseConfigurationReference = 8B01216A04274A3E9541D2C5 /* Pods-workerUITests.release.xcconfig */;
			buildSettings = {
				DEVELOPMENT_TEAM = T8ZN24F3U8;
				INFOPLIST_FILE = workerUITests/Info.plist;
				LD_RUNPATH_SEARCH_PATHS = "$(inherited) @executable_path/Frameworks @loader_path/Frameworks";
				PRODUCT_BUNDLE_IDENTIFIER = com.gangjian.first.workerUITests;
				PRODUCT_NAME = "$(TARGET_NAME)";
				TEST_TARGET_NAME = worker;
			};
			name = Release;
		};
/* End XCBuildConfiguration section */

/* Begin XCConfigurationList section */
		FBD7965B1F286B3700FA50BE /* Build configuration list for PBXProject "worker" */ = {
			isa = XCConfigurationList;
			buildConfigurations = (
				FBD7968E1F286B3700FA50BE /* Debug */,
				FBD7968F1F286B3700FA50BE /* Release */,
			);
			defaultConfigurationIsVisible = 0;
			defaultConfigurationName = Release;
		};
		FBD796901F286B3700FA50BE /* Build configuration list for PBXNativeTarget "worker" */ = {
			isa = XCConfigurationList;
			buildConfigurations = (
				FBD796911F286B3700FA50BE /* Debug */,
				FBD796921F286B3700FA50BE /* Release */,
			);
			defaultConfigurationIsVisible = 0;
			defaultConfigurationName = Release;
		};
		FBD796931F286B3700FA50BE /* Build configuration list for PBXNativeTarget "workerTests" */ = {
			isa = XCConfigurationList;
			buildConfigurations = (
				FBD796941F286B3700FA50BE /* Debug */,
				FBD796951F286B3700FA50BE /* Release */,
			);
			defaultConfigurationIsVisible = 0;
			defaultConfigurationName = Release;
		};
		FBD796961F286B3700FA50BE /* Build configuration list for PBXNativeTarget "workerUITests" */ = {
			isa = XCConfigurationList;
			buildConfigurations = (
				FBD796971F286B3700FA50BE /* Debug */,
				FBD796981F286B3700FA50BE /* Release */,
			);
			defaultConfigurationIsVisible = 0;
			defaultConfigurationName = Release;
		};
/* End XCConfigurationList section */
	};
	rootObject = FBD796581F286B3700FA50BE /* Project object */;
}
