PODS:
  - AFNetworking (2.3.1):
    - AFNetworking/NSURLConnection (= 2.3.1)
    - AFNetworking/NSURLSession (= 2.3.1)
    - AFNetworking/Reachability (= 2.3.1)
    - AFNetworking/Security (= 2.3.1)
    - AFNetworking/Serialization (= 2.3.1)
    - AFNetworking/UIKit (= 2.3.1)
  - AFNetworking/NSURLConnection (2.3.1):
    - AFNetworking/Reachability
    - AFNetworking/Security
    - AFNetworking/Serialization
  - AFNetworking/NSURLSession (2.3.1):
    - AFNetworking/Reachability
    - AFNetworking/Security
    - AFNetworking/Serialization
  - AFNetworking/Reachability (2.3.1)
  - AFNetworking/Security (2.3.1)
  - AFNetworking/Serialization (2.3.1)
  - AFNetworking/UIKit (2.3.1):
    - AFNetworking/NSURLConnection
    - AFNetworking/NSURLSession
  - BaiduMapKit (3.3.4)
  - FMDB (2.7.2):
    - FMDB/standard (= 2.7.2)
  - FMDB/standard (2.7.2)
  - JCore (1.1.5)
  - JPush (3.0.2):
    - JCore (~> 1.1.1)
  - Masonry (1.0.2)
  - MJRefresh (3.1.12)
  - SDWebImage (3.7.6):
    - SDWebImage/Core (= 3.7.6)
  - SDWebImage/Core (3.7.6)
  - SVProgressHUD (2.1.2)
  - UMengUShare/Core (6.4.5):
    - UMengUShare/Network
  - UMengUShare/Network (6.4.5)
  - UMengUShare/Social/QQ (6.4.5):
    - UMengUShare/Core
    - UMengUShare/Social/ReducedQQ
  - UMengUShare/Social/ReducedQQ (6.4.5):
    - UMengUShare/Core
  - UMengUShare/Social/ReducedSina (6.4.5):
    - UMengUShare/Core
  - UMengUShare/Social/ReducedWeChat (6.4.5):
    - UMengUShare/Core
  - UMengUShare/Social/Sina (6.4.5):
    - UMengUShare/Core
    - UMengUShare/Social/ReducedSina
  - UMengUShare/Social/WeChat (6.4.5):
    - UMengUShare/Core
    - UMengUShare/Social/ReducedWeChat
  - UMengUShare/UI (6.4.5):
    - UMengUShare/Core
  - YYKit (1.0.9):
    - YYKit/no-arc (= 1.0.9)
  - YYKit/no-arc (1.0.9)

DEPENDENCIES:
  - AFNetworking (~> 2.3.1)
  - BaiduMapKit
  - FMDB
  - JPush (= 3.0.2)
  - Masonry (~> 1.0.2)
  - MJRefresh (~> 3.1.0)
  - SDWebImage (~> 3.7.5)
  - SVProgressHUD (~> 2.1.2)
  - UMengUShare/Social/QQ
  - UMengUShare/Social/Sina
  - UMengUShare/Social/WeChat
  - UMengUShare/UI
  - YYKit

SPEC CHECKSUMS:
  AFNetworking: 05b9f6e3aa5ac45bc383b4bb108ef338080a26c7
  BaiduMapKit: 6f2d76a04b72e9af938afb5ca0f97d4417bbf9c0
  FMDB: 6198a90e7b6900cfc046e6bc0ef6ebb7be9236aa
  JCore: 9bd9c770c877c583d98b90a68792b8361974c231
  JPush: 01a693fafe51b93eafc2e368bbc7a7cc07e12ce4
  Masonry: 7c429b56da9d4ee0bbb3ed77a5ea710d6a5df39e
  MJRefresh: b96cdb21c4aa75a7b07654311ab2f315c497e806
  SDWebImage: c325cf02c30337336b95beff20a13df489ec0ec9
  SVProgressHUD: c404a55d78acbeb7ebb78b76d3faf986475a6994
  UMengUShare: a5711c54e640b04e3048e931d2b88d50f9cfa55c
  YYKit: 7cda43304a8dc3696c449041e2cb3107b4e236e7

PODFILE CHECKSUM: 3303be1500746394ec53c702ee980c0811f36a53

COCOAPODS: 1.2.1
